// !$*UTF8*$!
{
	archiveVersion = 1;
	classes = {
	};
	objectVersion = 56;
	objects = {

/* Begin PBXBuildFile section */
		C2AE7C502B4EC3C10040D470 /* RealityKitContent in Frameworks */ = {isa = PBXBuildFile; productRef = C2AE7C4F2B4EC3C10040D470 /* RealityKitContent */; };
		C2AE7C522B4EC3C10040D470 /* FaceMeApp.swift in Sources */ = {isa = PBXBuildFile; fileRef = C2AE7C512B4EC3C10040D470 /* FaceMeApp.swift */; };
		C2AE7C542B4EC3C10040D470 /* ContentView.swift in Sources */ = {isa = PBXBuildFile; fileRef = C2AE7C532B4EC3C10040D470 /* ContentView.swift */; };
		C2AE7C562B4EC3C10040D470 /* ImmersiveView.swift in Sources */ = {isa = PBXBuildFile; fileRef = C2AE7C552B4EC3C10040D470 /* ImmersiveView.swift */; };
		C2AE7C582B4EC3C20040D470 /* Assets.xcassets in Resources */ = {isa = PBXBuildFile; fileRef = C2AE7C572B4EC3C20040D470 /* Assets.xcassets */; };
		C2AE7C5B2B4EC3C20040D470 /* Preview Assets.xcassets in Resources */ = {isa = PBXBuildFile; fileRef = C2AE7C5A2B4EC3C20040D470 /* Preview Assets.xcassets */; };
		C2AE7C632B4EC3F90040D470 /* FaceComponent.swift in Sources */ = {isa = PBXBuildFile; fileRef = C2AE7C622B4EC3F90040D470 /* FaceComponent.swift */; };
		C2AE7C652B4EC4010040D470 /* FaceSystem.swift in Sources */ = {isa = PBXBuildFile; fileRef = C2AE7C642B4EC4010040D470 /* FaceSystem.swift */; };
		C2AE7C672B4EC4850040D470 /* ARKitSessionManager.swift in Sources */ = {isa = PBXBuildFile; fileRef = C2AE7C662B4EC4850040D470 /* ARKitSessionManager.swift */; };
		C2AE7C692B4EC54A0040D470 /* tv_retro.usdz in Resources */ = {isa = PBXBuildFile; fileRef = C2AE7C682B4EC5490040D470 /* tv_retro.usdz */; };
/* End PBXBuildFile section */

/* Begin PBXFileReference section */
		C2AE7C4A2B4EC3C10040D470 /* FaceMe.app */ = {isa = PBXFileReference; explicitFileType = wrapper.application; includeInIndex = 0; path = FaceMe.app; sourceTree = BUILT_PRODUCTS_DIR; };
		C2AE7C4E2B4EC3C10040D470 /* RealityKitContent */ = {isa = PBXFileReference; lastKnownFileType = wrapper; path = RealityKitContent; sourceTree = "<group>"; };
		C2AE7C512B4EC3C10040D470 /* FaceMeApp.swift */ = {isa = PBXFileReference; lastKnownFileType = sourcecode.swift; path = FaceMeApp.swift; sourceTree = "<group>"; };
		C2AE7C532B4EC3C10040D470 /* ContentView.swift */ = {isa = PBXFileReference; lastKnownFileType = sourcecode.swift; path = ContentView.swift; sourceTree = "<group>"; };
		C2AE7C552B4EC3C10040D470 /* ImmersiveView.swift */ = {isa = PBXFileReference; lastKnownFileType = sourcecode.swift; path = ImmersiveView.swift; sourceTree = "<group>"; };
		C2AE7C572B4EC3C20040D470 /* Assets.xcassets */ = {isa = PBXFileReference; lastKnownFileType = folder.assetcatalog; path = Assets.xcassets; sourceTree = "<group>"; };
		C2AE7C5A2B4EC3C20040D470 /* Preview Assets.xcassets */ = {isa = PBXFileReference; lastKnownFileType = folder.assetcatalog; path = "Preview Assets.xcassets"; sourceTree = "<group>"; };
		C2AE7C5C2B4EC3C20040D470 /* Info.plist */ = {isa = PBXFileReference; lastKnownFileType = text.plist.xml; path = Info.plist; sourceTree = "<group>"; };
		C2AE7C622B4EC3F90040D470 /* FaceComponent.swift */ = {isa = PBXFileReference; lastKnownFileType = sourcecode.swift; path = FaceComponent.swift; sourceTree = "<group>"; };
		C2AE7C642B4EC4010040D470 /* FaceSystem.swift */ = {isa = PBXFileReference; lastKnownFileType = sourcecode.swift; path = FaceSystem.swift; sourceTree = "<group>"; };
		C2AE7C662B4EC4850040D470 /* ARKitSessionManager.swift */ = {isa = PBXFileReference; lastKnownFileType = sourcecode.swift; path = ARKitSessionManager.swift; sourceTree = "<group>"; };
		C2AE7C682B4EC5490040D470 /* tv_retro.usdz */ = {isa = PBXFileReference; lastKnownFileType = file.usdz; path = tv_retro.usdz; sourceTree = "<group>"; };
/* End PBXFileReference section */

/* Begin PBXFrameworksBuildPhase section */
		C2AE7C472B4EC3C10040D470 /* Frameworks */ = {
			isa = PBXFrameworksBuildPhase;
			buildActionMask = 2147483647;
			files = (
				C2AE7C502B4EC3C10040D470 /* RealityKitContent in Frameworks */,
			);
			runOnlyForDeploymentPostprocessing = 0;
		};
/* End PBXFrameworksBuildPhase section */

/* Begin PBXGroup section */
		C2AE7C412B4EC3C10040D470 = {
			isa = PBXGroup;
			children = (
				C2AE7C4C2B4EC3C10040D470 /* FaceMe */,
				C2AE7C4D2B4EC3C10040D470 /* Packages */,
				C2AE7C4B2B4EC3C10040D470 /* Products */,
			);
			sourceTree = "<group>";
		};
		C2AE7C4B2B4EC3C10040D470 /* Products */ = {
			isa = PBXGroup;
			children = (
				C2AE7C4A2B4EC3C10040D470 /* FaceMe.app */,
			);
			name = Products;
			sourceTree = "<group>";
		};
		C2AE7C4C2B4EC3C10040D470 /* FaceMe */ = {
			isa = PBXGroup;
			children = (
				C2AE7C512B4EC3C10040D470 /* FaceMeApp.swift */,
				C2AE7C532B4EC3C10040D470 /* ContentView.swift */,
				C2AE7C622B4EC3F90040D470 /* FaceComponent.swift */,
				C2AE7C642B4EC4010040D470 /* FaceSystem.swift */,
				C2AE7C552B4EC3C10040D470 /* ImmersiveView.swift */,
				C2AE7C572B4EC3C20040D470 /* Assets.xcassets */,
				C2AE7C5C2B4EC3C20040D470 /* Info.plist */,
				C2AE7C592B4EC3C20040D470 /* Preview Content */,
				C2AE7C662B4EC4850040D470 /* ARKitSessionManager.swift */,
			);
			path = FaceMe;
			sourceTree = "<group>";
		};
		C2AE7C4D2B4EC3C10040D470 /* Packages */ = {
			isa = PBXGroup;
			children = (
				C2AE7C682B4EC5490040D470 /* tv_retro.usdz */,
				C2AE7C4E2B4EC3C10040D470 /* RealityKitContent */,
			);
			path = Packages;
			sourceTree = "<group>";
		};
		C2AE7C592B4EC3C20040D470 /* Preview Content */ = {
			isa = PBXGroup;
			children = (
				C2AE7C5A2B4EC3C20040D470 /* Preview Assets.xcassets */,
			);
			path = "Preview Content";
			sourceTree = "<group>";
		};
/* End PBXGroup section */

/* Begin PBXNativeTarget section */
		C2AE7C492B4EC3C10040D470 /* FaceMe */ = {
			isa = PBXNativeTarget;
			buildConfigurationList = C2AE7C5F2B4EC3C20040D470 /* Build configuration list for PBXNativeTarget "FaceMe" */;
			buildPhases = (
				C2AE7C462B4EC3C10040D470 /* Sources */,
				C2AE7C472B4EC3C10040D470 /* Frameworks */,
				C2AE7C482B4EC3C10040D470 /* Resources */,
			);
			buildRules = (
			);
			dependencies = (
			);
			name = FaceMe;
			packageProductDependencies = (
				C2AE7C4F2B4EC3C10040D470 /* RealityKitContent */,
			);
			productName = FaceMe;
			productReference = C2AE7C4A2B4EC3C10040D470 /* FaceMe.app */;
			productType = "com.apple.product-type.application";
		};
/* End PBXNativeTarget section */

/* Begin PBXProject section */
		C2AE7C422B4EC3C10040D470 /* Project object */ = {
			isa = PBXProject;
			attributes = {
				BuildIndependentTargetsInParallel = 1;
				LastSwiftUpdateCheck = 1520;
				LastUpgradeCheck = 1520;
				TargetAttributes = {
					C2AE7C492B4EC3C10040D470 = {
						CreatedOnToolsVersion = 15.2;
					};
				};
			};
			buildConfigurationList = C2AE7C452B4EC3C10040D470 /* Build configuration list for PBXProject "FaceMe" */;
			compatibilityVersion = "Xcode 14.0";
			developmentRegion = en;
			hasScannedForEncodings = 0;
			knownRegions = (
				en,
				Base,
			);
			mainGroup = C2AE7C412B4EC3C10040D470;
			productRefGroup = C2AE7C4B2B4EC3C10040D470 /* Products */;
			projectDirPath = "";
			projectRoot = "";
			targets = (
				C2AE7C492B4EC3C10040D470 /* FaceMe */,
			);
		};
/* End PBXProject section */

/* Begin PBXResourcesBuildPhase section */
		C2AE7C482B4EC3C10040D470 /* Resources */ = {
			isa = PBXResourcesBuildPhase;
			buildActionMask = 2147483647;
			files = (
				C2AE7C692B4EC54A0040D470 /* tv_retro.usdz in Resources */,
				C2AE7C5B2B4EC3C20040D470 /* Preview Assets.xcassets in Resources */,
				C2AE7C582B4EC3C20040D470 /* Assets.xcassets in Resources */,
			);
			runOnlyForDeploymentPostprocessing = 0;
		};
/* End PBXResourcesBuildPhase section */

/* Begin PBXSourcesBuildPhase section */
		C2AE7C462B4EC3C10040D470 /* Sources */ = {
			isa = PBXSourcesBuildPhase;
			buildActionMask = 2147483647;
			files = (
				C2AE7C632B4EC3F90040D470 /* FaceComponent.swift in Sources */,
				C2AE7C542B4EC3C10040D470 /* ContentView.swift in Sources */,
				C2AE7C652B4EC4010040D470 /* FaceSystem.swift in Sources */,
				C2AE7C522B4EC3C10040D470 /* FaceMeApp.swift in Sources */,
				C2AE7C672B4EC4850040D470 /* ARKitSessionManager.swift in Sources */,
				C2AE7C562B4EC3C10040D470 /* ImmersiveView.swift in Sources */,
			);
			runOnlyForDeploymentPostprocessing = 0;
		};
/* End PBXSourcesBuildPhase section */

/* Begin XCBuildConfiguration section */
		C2AE7C5D2B4EC3C20040D470 /* Debug */ = {
			isa = XCBuildConfiguration;
			buildSettings = {
				ALWAYS_SEARCH_USER_PATHS = NO;
				ASSETCATALOG_COMPILER_GENERATE_SWIFT_ASSET_SYMBOL_EXTENSIONS = YES;
				CLANG_ANALYZER_NONNULL = YES;
				CLANG_ANALYZER_NUMBER_OBJECT_CONVERSION = YES_AGGRESSIVE;
				CLANG_CXX_LANGUAGE_STANDARD = "gnu++20";
				CLANG_ENABLE_MODULES = YES;
				CLANG_ENABLE_OBJC_ARC = YES;
				CLANG_ENABLE_OBJC_WEAK = YES;
				CLANG_WARN_BLOCK_CAPTURE_AUTORELEASING = YES;
				CLANG_WARN_BOOL_CONVERSION = YES;
				CLANG_WARN_COMMA = YES;
				CLANG_WARN_CONSTANT_CONVERSION = YES;
				CLANG_WARN_DEPRECATED_OBJC_IMPLEMENTATIONS = YES;
				CLANG_WARN_DIRECT_OBJC_ISA_USAGE = YES_ERROR;
				CLANG_WARN_DOCUMENTATION_COMMENTS = YES;
				CLANG_WARN_EMPTY_BODY = YES;
				CLANG_WARN_ENUM_CONVERSION = YES;
				CLANG_WARN_INFINITE_RECURSION = YES;
				CLANG_WARN_INT_CONVERSION = YES;
				CLANG_WARN_NON_LITERAL_NULL_CONVERSION = YES;
				CLANG_WARN_OBJC_IMPLICIT_RETAIN_SELF = YES;
				CLANG_WARN_OBJC_LITERAL_CONVERSION = YES;
				CLANG_WARN_OBJC_ROOT_CLASS = YES_ERROR;
				CLANG_WARN_QUOTED_INCLUDE_IN_FRAMEWORK_HEADER = YES;
				CLANG_WARN_RANGE_LOOP_ANALYSIS = YES;
				CLANG_WARN_STRICT_PROTOTYPES = YES;
				CLANG_WARN_SUSPICIOUS_MOVE = YES;
				CLANG_WARN_UNGUARDED_AVAILABILITY = YES_AGGRESSIVE;
				CLANG_WARN_UNREACHABLE_CODE = YES;
				CLANG_WARN__DUPLICATE_METHOD_MATCH = YES;
				COPY_PHASE_STRIP = NO;
				DEBUG_INFORMATION_FORMAT = dwarf;
				ENABLE_STRICT_OBJC_MSGSEND = YES;
				ENABLE_TESTABILITY = YES;
				ENABLE_USER_SCRIPT_SANDBOXING = YES;
				GCC_C_LANGUAGE_STANDARD = gnu17;
				GCC_DYNAMIC_NO_PIC = NO;
				GCC_NO_COMMON_BLOCKS = YES;
				GCC_OPTIMIZATION_LEVEL = 0;
				GCC_PREPROCESSOR_DEFINITIONS = (
					"DEBUG=1",
					"$(inherited)",
				);
				GCC_WARN_64_TO_32_BIT_CONVERSION = YES;
				GCC_WARN_ABOUT_RETURN_TYPE = YES_ERROR;
				GCC_WARN_UNDECLARED_SELECTOR = YES;
				GCC_WARN_UNINITIALIZED_AUTOS = YES_AGGRESSIVE;
				GCC_WARN_UNUSED_FUNCTION = YES;
				GCC_WARN_UNUSED_VARIABLE = YES;
				LOCALIZATION_PREFERS_STRING_CATALOGS = YES;
				MTL_ENABLE_DEBUG_INFO = INCLUDE_SOURCE;
				MTL_FAST_MATH = YES;
				ONLY_ACTIVE_ARCH = YES;
				SDKROOT = xros;
				SWIFT_ACTIVE_COMPILATION_CONDITIONS = "DEBUG $(inherited)";
				SWIFT_OPTIMIZATION_LEVEL = "-Onone";
				XROS_DEPLOYMENT_TARGET = 1.0;
			};
			name = Debug;
		};
		C2AE7C5E2B4EC3C20040D470 /* Release */ = {
			isa = XCBuildConfiguration;
			buildSettings = {
				ALWAYS_SEARCH_USER_PATHS = NO;
				ASSETCATALOG_COMPILER_GENERATE_SWIFT_ASSET_SYMBOL_EXTENSIONS = YES;
				CLANG_ANALYZER_NONNULL = YES;
				CLANG_ANALYZER_NUMBER_OBJECT_CONVERSION = YES_AGGRESSIVE;
				CLANG_CXX_LANGUAGE_STANDARD = "gnu++20";
				CLANG_ENABLE_MODULES = YES;
				CLANG_ENABLE_OBJC_ARC = YES;
				CLANG_ENABLE_OBJC_WEAK = YES;
				CLANG_WARN_BLOCK_CAPTURE_AUTORELEASING = YES;
				CLANG_WARN_BOOL_CONVERSION = YES;
				CLANG_WARN_COMMA = YES;
				CLANG_WARN_CONSTANT_CONVERSION = YES;
				CLANG_WARN_DEPRECATED_OBJC_IMPLEMENTATIONS = YES;
				CLANG_WARN_DIRECT_OBJC_ISA_USAGE = YES_ERROR;
				CLANG_WARN_DOCUMENTATION_COMMENTS = YES;
				CLANG_WARN_EMPTY_BODY = YES;
				CLANG_WARN_ENUM_CONVERSION = YES;
				CLANG_WARN_INFINITE_RECURSION = YES;
				CLANG_WARN_INT_CONVERSION = YES;
				CLANG_WARN_NON_LITERAL_NULL_CONVERSION = YES;
				CLANG_WARN_OBJC_IMPLICIT_RETAIN_SELF = YES;
				CLANG_WARN_OBJC_LITERAL_CONVERSION = YES;
				CLANG_WARN_OBJC_ROOT_CLASS = YES_ERROR;
				CLANG_WARN_QUOTED_INCLUDE_IN_FRAMEWORK_HEADER = YES;
				CLANG_WARN_RANGE_LOOP_ANALYSIS = YES;
				CLANG_WARN_STRICT_PROTOTYPES = YES;
				CLANG_WARN_SUSPICIOUS_MOVE = YES;
				CLANG_WARN_UNGUARDED_AVAILABILITY = YES_AGGRESSIVE;
				CLANG_WARN_UNREACHABLE_CODE = YES;
				CLANG_WARN__DUPLICATE_METHOD_MATCH = YES;
				COPY_PHASE_STRIP = NO;
				DEBUG_INFORMATION_FORMAT = "dwarf-with-dsym";
				ENABLE_NS_ASSERTIONS = NO;
				ENABLE_STRICT_OBJC_MSGSEND = YES;
				ENABLE_USER_SCRIPT_SANDBOXING = YES;
				GCC_C_LANGUAGE_STANDARD = gnu17;
				GCC_NO_COMMON_BLOCKS = YES;
				GCC_WARN_64_TO_32_BIT_CONVERSION = YES;
				GCC_WARN_ABOUT_RETURN_TYPE = YES_ERROR;
				GCC_WARN_UNDECLARED_SELECTOR = YES;
				GCC_WARN_UNINITIALIZED_AUTOS = YES_AGGRESSIVE;
				GCC_WARN_UNUSED_FUNCTION = YES;
				GCC_WARN_UNUSED_VARIABLE = YES;
				LOCALIZATION_PREFERS_STRING_CATALOGS = YES;
				MTL_ENABLE_DEBUG_INFO = NO;
				MTL_FAST_MATH = YES;
				SDKROOT = xros;
				SWIFT_COMPILATION_MODE = wholemodule;
				VALIDATE_PRODUCT = YES;
				XROS_DEPLOYMENT_TARGET = 1.0;
			};
			name = Release;
		};
		C2AE7C602B4EC3C20040D470 /* Debug */ = {
			isa = XCBuildConfiguration;
			buildSettings = {
				ASSETCATALOG_COMPILER_APPICON_NAME = AppIcon;
				ASSETCATALOG_COMPILER_GLOBAL_ACCENT_COLOR_NAME = AccentColor;
				CODE_SIGN_STYLE = Automatic;
				CURRENT_PROJECT_VERSION = 1;
				DEVELOPMENT_ASSET_PATHS = "\"FaceMe/Preview Content\"";
				DEVELOPMENT_TEAM = 5KVRUJ2FNN;
				ENABLE_PREVIEWS = YES;
				GENERATE_INFOPLIST_FILE = YES;
				INFOPLIST_FILE = "$(TARGET_NAME)/Info.plist";
				LD_RUNPATH_SEARCH_PATHS = (
					"$(inherited)",
					"@executable_path/Frameworks",
				);
				MARKETING_VERSION = 1.0;
				PRODUCT_BUNDLE_IDENTIFIER = pro.xuchi.FaceMe;
				PRODUCT_NAME = "$(TARGET_NAME)";
				SUPPORTED_PLATFORMS = "xros xrsimulator";
				SWIFT_EMIT_LOC_STRINGS = YES;
				SWIFT_VERSION = 5.0;
				TARGETED_DEVICE_FAMILY = "1,2,7";
			};
			name = Debug;
		};
		C2AE7C612B4EC3C20040D470 /* Release */ = {
			isa = XCBuildConfiguration;
			buildSettings = {
				ASSETCATALOG_COMPILER_APPICON_NAME = AppIcon;
				ASSETCATALOG_COMPILER_GLOBAL_ACCENT_COLOR_NAME = AccentColor;
				CODE_SIGN_STYLE = Automatic;
				CURRENT_PROJECT_VERSION = 1;
				DEVELOPMENT_ASSET_PATHS = "\"FaceMe/Preview Content\"";
				DEVELOPMENT_TEAM = 5KVRUJ2FNN;
				ENABLE_PREVIEWS = YES;
				GENERATE_INFOPLIST_FILE = YES;
				INFOPLIST_FILE = "$(TARGET_NAME)/Info.plist";
				LD_RUNPATH_SEARCH_PATHS = (
					"$(inherited)",
					"@executable_path/Frameworks",
				);
				MARKETING_VERSION = 1.0;
				PRODUCT_BUNDLE_IDENTIFIER = pro.xuchi.FaceMe;
				PRODUCT_NAME = "$(TARGET_NAME)";
				SUPPORTED_PLATFORMS = "xros xrsimulator";
				SWIFT_EMIT_LOC_STRINGS = YES;
				SWIFT_VERSION = 5.0;
				TARGETED_DEVICE_FAMILY = "1,2,7";
			};
			name = Release;
		};
/* End XCBuildConfiguration section */

/* Begin XCConfigurationList section */
		C2AE7C452B4EC3C10040D470 /* Build configuration list for PBXProject "FaceMe" */ = {
			isa = XCConfigurationList;
			buildConfigurations = (
				C2AE7C5D2B4EC3C20040D470 /* Debug */,
				C2AE7C5E2B4EC3C20040D470 /* Release */,
			);
			defaultConfigurationIsVisible = 0;
			defaultConfigurationName = Release;
		};
		C2AE7C5F2B4EC3C20040D470 /* Build configuration list for PBXNativeTarget "FaceMe" */ = {
			isa = XCConfigurationList;
			buildConfigurations = (
				C2AE7C602B4EC3C20040D470 /* Debug */,
				C2AE7C612B4EC3C20040D470 /* Release */,
			);
			defaultConfigurationIsVisible = 0;
			defaultConfigurationName = Release;
		};
/* End XCConfigurationList section */

/* Begin XCSwiftPackageProductDependency section */
		C2AE7C4F2B4EC3C10040D470 /* RealityKitContent */ = {
			isa = XCSwiftPackageProductDependency;
			productName = RealityKitContent;
		};
/* End XCSwiftPackageProductDependency section */
	};
	rootObject = C2AE7C422B4EC3C10040D470 /* Project object */;
}
