// !$*UTF8*$!
{
	archiveVersion = 1;
	classes = {
	};
	objectVersion = 56;
	objects = {

/* Begin PBXBuildFile section */
		C2D730102B6AA4FF00B33C08 /* RealityKitContent in Frameworks */ = {isa = PBXBuildFile; productRef = C2D7300F2B6AA4FF00B33C08 /* RealityKitContent */; };
		C2D730122B6AA4FF00B33C08 /* VideoMaterialApp.swift in Sources */ = {isa = PBXBuildFile; fileRef = C2D730112B6AA4FF00B33C08 /* VideoMaterialApp.swift */; };
		C2D730142B6AA4FF00B33C08 /* ContentView.swift in Sources */ = {isa = PBXBuildFile; fileRef = C2D730132B6AA4FF00B33C08 /* ContentView.swift */; };
		C2D730162B6AA4FF00B33C08 /* ImmersiveView.swift in Sources */ = {isa = PBXBuildFile; fileRef = C2D730152B6AA4FF00B33C08 /* ImmersiveView.swift */; };
		C2D730182B6AA50000B33C08 /* Assets.xcassets in Resources */ = {isa = PBXBuildFile; fileRef = C2D730172B6AA50000B33C08 /* Assets.xcassets */; };
		C2D7301B2B6AA50000B33C08 /* Preview Assets.xcassets in Resources */ = {isa = PBXBuildFile; fileRef = C2D7301A2B6AA50000B33C08 /* Preview Assets.xcassets */; };
		C2D730232B6B71DA00B33C08 /* tv_retro.usdz in Resources */ = {isa = PBXBuildFile; fileRef = C2D730222B6B71DA00B33C08 /* tv_retro.usdz */; };
		C2D730292B6B83EE00B33C08 /* realitykit-og-twitter.jpg in Resources */ = {isa = PBXBuildFile; fileRef = C2D730282B6B83EE00B33C08 /* realitykit-og-twitter.jpg */; };
		C2D730312B6B876800B33C08 /* GetReadyRemixRB.mp4 in Resources */ = {isa = PBXBuildFile; fileRef = C2D730302B6B876800B33C08 /* GetReadyRemixRB.mp4 */; };
/* End PBXBuildFile section */

/* Begin PBXFileReference section */
		C2D7300A2B6AA4FF00B33C08 /* VideoMaterial.app */ = {isa = PBXFileReference; explicitFileType = wrapper.application; includeInIndex = 0; path = VideoMaterial.app; sourceTree = BUILT_PRODUCTS_DIR; };
		C2D7300E2B6AA4FF00B33C08 /* RealityKitContent */ = {isa = PBXFileReference; lastKnownFileType = wrapper; path = RealityKitContent; sourceTree = "<group>"; };
		C2D730112B6AA4FF00B33C08 /* VideoMaterialApp.swift */ = {isa = PBXFileReference; lastKnownFileType = sourcecode.swift; path = VideoMaterialApp.swift; sourceTree = "<group>"; };
		C2D730132B6AA4FF00B33C08 /* ContentView.swift */ = {isa = PBXFileReference; lastKnownFileType = sourcecode.swift; path = ContentView.swift; sourceTree = "<group>"; };
		C2D730152B6AA4FF00B33C08 /* ImmersiveView.swift */ = {isa = PBXFileReference; lastKnownFileType = sourcecode.swift; path = ImmersiveView.swift; sourceTree = "<group>"; };
		C2D730172B6AA50000B33C08 /* Assets.xcassets */ = {isa = PBXFileReference; lastKnownFileType = folder.assetcatalog; path = Assets.xcassets; sourceTree = "<group>"; };
		C2D7301A2B6AA50000B33C08 /* Preview Assets.xcassets */ = {isa = PBXFileReference; lastKnownFileType = folder.assetcatalog; path = "Preview Assets.xcassets"; sourceTree = "<group>"; };
		C2D7301C2B6AA50000B33C08 /* Info.plist */ = {isa = PBXFileReference; lastKnownFileType = text.plist.xml; path = Info.plist; sourceTree = "<group>"; };
		C2D730222B6B71DA00B33C08 /* tv_retro.usdz */ = {isa = PBXFileReference; lastKnownFileType = file.usdz; path = tv_retro.usdz; sourceTree = "<group>"; };
		C2D730282B6B83EE00B33C08 /* realitykit-og-twitter.jpg */ = {isa = PBXFileReference; lastKnownFileType = image.jpeg; path = "realitykit-og-twitter.jpg"; sourceTree = "<group>"; };
		C2D730302B6B876800B33C08 /* GetReadyRemixRB.mp4 */ = {isa = PBXFileReference; lastKnownFileType = file; path = GetReadyRemixRB.mp4; sourceTree = "<group>"; };
/* End PBXFileReference section */

/* Begin PBXFrameworksBuildPhase section */
		C2D730072B6AA4FF00B33C08 /* Frameworks */ = {
			isa = PBXFrameworksBuildPhase;
			buildActionMask = 2147483647;
			files = (
				C2D730102B6AA4FF00B33C08 /* RealityKitContent in Frameworks */,
			);
			runOnlyForDeploymentPostprocessing = 0;
		};
/* End PBXFrameworksBuildPhase section */

/* Begin PBXGroup section */
		C2D730012B6AA4FF00B33C08 = {
			isa = PBXGroup;
			children = (
				C2D7300C2B6AA4FF00B33C08 /* VideoMaterial */,
				C2D7300D2B6AA4FF00B33C08 /* Packages */,
				C2D7300B2B6AA4FF00B33C08 /* Products */,
			);
			sourceTree = "<group>";
		};
		C2D7300B2B6AA4FF00B33C08 /* Products */ = {
			isa = PBXGroup;
			children = (
				C2D7300A2B6AA4FF00B33C08 /* VideoMaterial.app */,
			);
			name = Products;
			sourceTree = "<group>";
		};
		C2D7300C2B6AA4FF00B33C08 /* VideoMaterial */ = {
			isa = PBXGroup;
			children = (
				C2D730112B6AA4FF00B33C08 /* VideoMaterialApp.swift */,
				C2D730132B6AA4FF00B33C08 /* ContentView.swift */,
				C2D730152B6AA4FF00B33C08 /* ImmersiveView.swift */,
				C2D730172B6AA50000B33C08 /* Assets.xcassets */,
				C2D7301C2B6AA50000B33C08 /* Info.plist */,
				C2D730192B6AA50000B33C08 /* Preview Content */,
			);
			path = VideoMaterial;
			sourceTree = "<group>";
		};
		C2D7300D2B6AA4FF00B33C08 /* Packages */ = {
			isa = PBXGroup;
			children = (
				C2D730282B6B83EE00B33C08 /* realitykit-og-twitter.jpg */,
				C2D730222B6B71DA00B33C08 /* tv_retro.usdz */,
				C2D730302B6B876800B33C08 /* GetReadyRemixRB.mp4 */,
				C2D7300E2B6AA4FF00B33C08 /* RealityKitContent */,
			);
			path = Packages;
			sourceTree = "<group>";
		};
		C2D730192B6AA50000B33C08 /* Preview Content */ = {
			isa = PBXGroup;
			children = (
				C2D7301A2B6AA50000B33C08 /* Preview Assets.xcassets */,
			);
			path = "Preview Content";
			sourceTree = "<group>";
		};
/* End PBXGroup section */

/* Begin PBXNativeTarget section */
		C2D730092B6AA4FF00B33C08 /* VideoMaterial */ = {
			isa = PBXNativeTarget;
			buildConfigurationList = C2D7301F2B6AA50000B33C08 /* Build configuration list for PBXNativeTarget "VideoMaterial" */;
			buildPhases = (
				C2D730062B6AA4FF00B33C08 /* Sources */,
				C2D730072B6AA4FF00B33C08 /* Frameworks */,
				C2D730082B6AA4FF00B33C08 /* Resources */,
			);
			buildRules = (
			);
			dependencies = (
			);
			name = VideoMaterial;
			packageProductDependencies = (
				C2D7300F2B6AA4FF00B33C08 /* RealityKitContent */,
			);
			productName = VideoMaterial;
			productReference = C2D7300A2B6AA4FF00B33C08 /* VideoMaterial.app */;
			productType = "com.apple.product-type.application";
		};
/* End PBXNativeTarget section */

/* Begin PBXProject section */
		C2D730022B6AA4FF00B33C08 /* Project object */ = {
			isa = PBXProject;
			attributes = {
				BuildIndependentTargetsInParallel = 1;
				LastSwiftUpdateCheck = 1520;
				LastUpgradeCheck = 1520;
				TargetAttributes = {
					C2D730092B6AA4FF00B33C08 = {
						CreatedOnToolsVersion = 15.2;
					};
				};
			};
			buildConfigurationList = C2D730052B6AA4FF00B33C08 /* Build configuration list for PBXProject "VideoMaterial" */;
			compatibilityVersion = "Xcode 14.0";
			developmentRegion = en;
			hasScannedForEncodings = 0;
			knownRegions = (
				en,
				Base,
			);
			mainGroup = C2D730012B6AA4FF00B33C08;
			productRefGroup = C2D7300B2B6AA4FF00B33C08 /* Products */;
			projectDirPath = "";
			projectRoot = "";
			targets = (
				C2D730092B6AA4FF00B33C08 /* VideoMaterial */,
			);
		};
/* End PBXProject section */

/* Begin PBXResourcesBuildPhase section */
		C2D730082B6AA4FF00B33C08 /* Resources */ = {
			isa = PBXResourcesBuildPhase;
			buildActionMask = 2147483647;
			files = (
				C2D730312B6B876800B33C08 /* GetReadyRemixRB.mp4 in Resources */,
				C2D730232B6B71DA00B33C08 /* tv_retro.usdz in Resources */,
				C2D7301B2B6AA50000B33C08 /* Preview Assets.xcassets in Resources */,
				C2D730292B6B83EE00B33C08 /* realitykit-og-twitter.jpg in Resources */,
				C2D730182B6AA50000B33C08 /* Assets.xcassets in Resources */,
			);
			runOnlyForDeploymentPostprocessing = 0;
		};
/* End PBXResourcesBuildPhase section */

/* Begin PBXSourcesBuildPhase section */
		C2D730062B6AA4FF00B33C08 /* Sources */ = {
			isa = PBXSourcesBuildPhase;
			buildActionMask = 2147483647;
			files = (
				C2D730142B6AA4FF00B33C08 /* ContentView.swift in Sources */,
				C2D730122B6AA4FF00B33C08 /* VideoMaterialApp.swift in Sources */,
				C2D730162B6AA4FF00B33C08 /* ImmersiveView.swift in Sources */,
			);
			runOnlyForDeploymentPostprocessing = 0;
		};
/* End PBXSourcesBuildPhase section */

/* Begin XCBuildConfiguration section */
		C2D7301D2B6AA50000B33C08 /* Debug */ = {
			isa = XCBuildConfiguration;
			buildSettings = {
				ALWAYS_SEARCH_USER_PATHS = NO;
				ASSETCATALOG_COMPILER_GENERATE_SWIFT_ASSET_SYMBOL_EXTENSIONS = YES;
				CLANG_ANALYZER_NONNULL = YES;
				CLANG_ANALYZER_NUMBER_OBJECT_CONVERSION = YES_AGGRESSIVE;
				CLANG_CXX_LANGUAGE_STANDARD = "gnu++20";
				CLANG_ENABLE_MODULES = YES;
				CLANG_ENABLE_OBJC_ARC = YES;
				CLANG_ENABLE_OBJC_WEAK = YES;
				CLANG_WARN_BLOCK_CAPTURE_AUTORELEASING = YES;
				CLANG_WARN_BOOL_CONVERSION = YES;
				CLANG_WARN_COMMA = YES;
				CLANG_WARN_CONSTANT_CONVERSION = YES;
				CLANG_WARN_DEPRECATED_OBJC_IMPLEMENTATIONS = YES;
				CLANG_WARN_DIRECT_OBJC_ISA_USAGE = YES_ERROR;
				CLANG_WARN_DOCUMENTATION_COMMENTS = YES;
				CLANG_WARN_EMPTY_BODY = YES;
				CLANG_WARN_ENUM_CONVERSION = YES;
				CLANG_WARN_INFINITE_RECURSION = YES;
				CLANG_WARN_INT_CONVERSION = YES;
				CLANG_WARN_NON_LITERAL_NULL_CONVERSION = YES;
				CLANG_WARN_OBJC_IMPLICIT_RETAIN_SELF = YES;
				CLANG_WARN_OBJC_LITERAL_CONVERSION = YES;
				CLANG_WARN_OBJC_ROOT_CLASS = YES_ERROR;
				CLANG_WARN_QUOTED_INCLUDE_IN_FRAMEWORK_HEADER = YES;
				CLANG_WARN_RANGE_LOOP_ANALYSIS = YES;
				CLANG_WARN_STRICT_PROTOTYPES = YES;
				CLANG_WARN_SUSPICIOUS_MOVE = YES;
				CLANG_WARN_UNGUARDED_AVAILABILITY = YES_AGGRESSIVE;
				CLANG_WARN_UNREACHABLE_CODE = YES;
				CLANG_WARN__DUPLICATE_METHOD_MATCH = YES;
				COPY_PHASE_STRIP = NO;
				DEBUG_INFORMATION_FORMAT = dwarf;
				ENABLE_STRICT_OBJC_MSGSEND = YES;
				ENABLE_TESTABILITY = YES;
				ENABLE_USER_SCRIPT_SANDBOXING = YES;
				GCC_C_LANGUAGE_STANDARD = gnu17;
				GCC_DYNAMIC_NO_PIC = NO;
				GCC_NO_COMMON_BLOCKS = YES;
				GCC_OPTIMIZATION_LEVEL = 0;
				GCC_PREPROCESSOR_DEFINITIONS = (
					"DEBUG=1",
					"$(inherited)",
				);
				GCC_WARN_64_TO_32_BIT_CONVERSION = YES;
				GCC_WARN_ABOUT_RETURN_TYPE = YES_ERROR;
				GCC_WARN_UNDECLARED_SELECTOR = YES;
				GCC_WARN_UNINITIALIZED_AUTOS = YES_AGGRESSIVE;
				GCC_WARN_UNUSED_FUNCTION = YES;
				GCC_WARN_UNUSED_VARIABLE = YES;
				LOCALIZATION_PREFERS_STRING_CATALOGS = YES;
				MTL_ENABLE_DEBUG_INFO = INCLUDE_SOURCE;
				MTL_FAST_MATH = YES;
				ONLY_ACTIVE_ARCH = YES;
				SDKROOT = xros;
				SWIFT_ACTIVE_COMPILATION_CONDITIONS = "DEBUG $(inherited)";
				SWIFT_OPTIMIZATION_LEVEL = "-Onone";
				XROS_DEPLOYMENT_TARGET = 1.0;
			};
			name = Debug;
		};
		C2D7301E2B6AA50000B33C08 /* Release */ = {
			isa = XCBuildConfiguration;
			buildSettings = {
				ALWAYS_SEARCH_USER_PATHS = NO;
				ASSETCATALOG_COMPILER_GENERATE_SWIFT_ASSET_SYMBOL_EXTENSIONS = YES;
				CLANG_ANALYZER_NONNULL = YES;
				CLANG_ANALYZER_NUMBER_OBJECT_CONVERSION = YES_AGGRESSIVE;
				CLANG_CXX_LANGUAGE_STANDARD = "gnu++20";
				CLANG_ENABLE_MODULES = YES;
				CLANG_ENABLE_OBJC_ARC = YES;
				CLANG_ENABLE_OBJC_WEAK = YES;
				CLANG_WARN_BLOCK_CAPTURE_AUTORELEASING = YES;
				CLANG_WARN_BOOL_CONVERSION = YES;
				CLANG_WARN_COMMA = YES;
				CLANG_WARN_CONSTANT_CONVERSION = YES;
				CLANG_WARN_DEPRECATED_OBJC_IMPLEMENTATIONS = YES;
				CLANG_WARN_DIRECT_OBJC_ISA_USAGE = YES_ERROR;
				CLANG_WARN_DOCUMENTATION_COMMENTS = YES;
				CLANG_WARN_EMPTY_BODY = YES;
				CLANG_WARN_ENUM_CONVERSION = YES;
				CLANG_WARN_INFINITE_RECURSION = YES;
				CLANG_WARN_INT_CONVERSION = YES;
				CLANG_WARN_NON_LITERAL_NULL_CONVERSION = YES;
				CLANG_WARN_OBJC_IMPLICIT_RETAIN_SELF = YES;
				CLANG_WARN_OBJC_LITERAL_CONVERSION = YES;
				CLANG_WARN_OBJC_ROOT_CLASS = YES_ERROR;
				CLANG_WARN_QUOTED_INCLUDE_IN_FRAMEWORK_HEADER = YES;
				CLANG_WARN_RANGE_LOOP_ANALYSIS = YES;
				CLANG_WARN_STRICT_PROTOTYPES = YES;
				CLANG_WARN_SUSPICIOUS_MOVE = YES;
				CLANG_WARN_UNGUARDED_AVAILABILITY = YES_AGGRESSIVE;
				CLANG_WARN_UNREACHABLE_CODE = YES;
				CLANG_WARN__DUPLICATE_METHOD_MATCH = YES;
				COPY_PHASE_STRIP = NO;
				DEBUG_INFORMATION_FORMAT = "dwarf-with-dsym";
				ENABLE_NS_ASSERTIONS = NO;
				ENABLE_STRICT_OBJC_MSGSEND = YES;
				ENABLE_USER_SCRIPT_SANDBOXING = YES;
				GCC_C_LANGUAGE_STANDARD = gnu17;
				GCC_NO_COMMON_BLOCKS = YES;
				GCC_WARN_64_TO_32_BIT_CONVERSION = YES;
				GCC_WARN_ABOUT_RETURN_TYPE = YES_ERROR;
				GCC_WARN_UNDECLARED_SELECTOR = YES;
				GCC_WARN_UNINITIALIZED_AUTOS = YES_AGGRESSIVE;
				GCC_WARN_UNUSED_FUNCTION = YES;
				GCC_WARN_UNUSED_VARIABLE = YES;
				LOCALIZATION_PREFERS_STRING_CATALOGS = YES;
				MTL_ENABLE_DEBUG_INFO = NO;
				MTL_FAST_MATH = YES;
				SDKROOT = xros;
				SWIFT_COMPILATION_MODE = wholemodule;
				VALIDATE_PRODUCT = YES;
				XROS_DEPLOYMENT_TARGET = 1.0;
			};
			name = Release;
		};
		C2D730202B6AA50000B33C08 /* Debug */ = {
			isa = XCBuildConfiguration;
			buildSettings = {
				ASSETCATALOG_COMPILER_APPICON_NAME = AppIcon;
				ASSETCATALOG_COMPILER_GLOBAL_ACCENT_COLOR_NAME = AccentColor;
				CODE_SIGN_STYLE = Automatic;
				CURRENT_PROJECT_VERSION = 1;
				DEVELOPMENT_ASSET_PATHS = "\"VideoMaterial/Preview Content\"";
				DEVELOPMENT_TEAM = 5KVRUJ2FNN;
				ENABLE_PREVIEWS = YES;
				GENERATE_INFOPLIST_FILE = YES;
				INFOPLIST_FILE = "$(TARGET_NAME)/Info.plist";
				LD_RUNPATH_SEARCH_PATHS = (
					"$(inherited)",
					"@executable_path/Frameworks",
				);
				MARKETING_VERSION = 1.0;
				PRODUCT_BUNDLE_IDENTIFIER = pro.xuchi.VideoMaterial;
				PRODUCT_NAME = "$(TARGET_NAME)";
				SUPPORTED_PLATFORMS = "xros xrsimulator";
				SWIFT_EMIT_LOC_STRINGS = YES;
				SWIFT_VERSION = 5.0;
				TARGETED_DEVICE_FAMILY = "1,2,7";
			};
			name = Debug;
		};
		C2D730212B6AA50000B33C08 /* Release */ = {
			isa = XCBuildConfiguration;
			buildSettings = {
				ASSETCATALOG_COMPILER_APPICON_NAME = AppIcon;
				ASSETCATALOG_COMPILER_GLOBAL_ACCENT_COLOR_NAME = AccentColor;
				CODE_SIGN_STYLE = Automatic;
				CURRENT_PROJECT_VERSION = 1;
				DEVELOPMENT_ASSET_PATHS = "\"VideoMaterial/Preview Content\"";
				DEVELOPMENT_TEAM = 5KVRUJ2FNN;
				ENABLE_PREVIEWS = YES;
				GENERATE_INFOPLIST_FILE = YES;
				INFOPLIST_FILE = "$(TARGET_NAME)/Info.plist";
				LD_RUNPATH_SEARCH_PATHS = (
					"$(inherited)",
					"@executable_path/Frameworks",
				);
				MARKETING_VERSION = 1.0;
				PRODUCT_BUNDLE_IDENTIFIER = pro.xuchi.VideoMaterial;
				PRODUCT_NAME = "$(TARGET_NAME)";
				SUPPORTED_PLATFORMS = "xros xrsimulator";
				SWIFT_EMIT_LOC_STRINGS = YES;
				SWIFT_VERSION = 5.0;
				TARGETED_DEVICE_FAMILY = "1,2,7";
			};
			name = Release;
		};
/* End XCBuildConfiguration section */

/* Begin XCConfigurationList section */
		C2D730052B6AA4FF00B33C08 /* Build configuration list for PBXProject "VideoMaterial" */ = {
			isa = XCConfigurationList;
			buildConfigurations = (
				C2D7301D2B6AA50000B33C08 /* Debug */,
				C2D7301E2B6AA50000B33C08 /* Release */,
			);
			defaultConfigurationIsVisible = 0;
			defaultConfigurationName = Release;
		};
		C2D7301F2B6AA50000B33C08 /* Build configuration list for PBXNativeTarget "VideoMaterial" */ = {
			isa = XCConfigurationList;
			buildConfigurations = (
				C2D730202B6AA50000B33C08 /* Debug */,
				C2D730212B6AA50000B33C08 /* Release */,
			);
			defaultConfigurationIsVisible = 0;
			defaultConfigurationName = Release;
		};
/* End XCConfigurationList section */

/* Begin XCSwiftPackageProductDependency section */
		C2D7300F2B6AA4FF00B33C08 /* RealityKitContent */ = {
			isa = XCSwiftPackageProductDependency;
			productName = RealityKitContent;
		};
/* End XCSwiftPackageProductDependency section */
	};
	rootObject = C2D730022B6AA4FF00B33C08 /* Project object */;
}
