// !$*UTF8*$!
{
	archiveVersion = 1;
	classes = {
	};
	objectVersion = 56;
	objects = {

/* Begin PBXBuildFile section */
		C21E8AF12B39B0FA00411B88 /* ShanghaiWeather.json in Resources */ = {isa = PBXBuildFile; fileRef = C21E8AF02B39B0FA00411B88 /* ShanghaiWeather.json */; };
		C21E8AF42B39B26000411B88 /* WeatherService.swift in Sources */ = {isa = PBXBuildFile; fileRef = C21E8AF32B39B26000411B88 /* WeatherService.swift */; };
		C2EC28B12B358FB000740D4A /* RealityKitContent in Frameworks */ = {isa = PBXBuildFile; productRef = C2EC28B02B358FB000740D4A /* RealityKitContent */; };
		C2EC28B32B358FB000740D4A /* WeatherApp.swift in Sources */ = {isa = PBXBuildFile; fileRef = C2EC28B22B358FB000740D4A /* WeatherApp.swift */; };
		C2EC28B52B358FB000740D4A /* ContentView.swift in Sources */ = {isa = PBXBuildFile; fileRef = C2EC28B42B358FB000740D4A /* ContentView.swift */; };
		C2EC28B72B358FB000740D4A /* ImmersiveView.swift in Sources */ = {isa = PBXBuildFile; fileRef = C2EC28B62B358FB000740D4A /* ImmersiveView.swift */; };
		C2EC28B92B358FB100740D4A /* Assets.xcassets in Resources */ = {isa = PBXBuildFile; fileRef = C2EC28B82B358FB100740D4A /* Assets.xcassets */; };
		C2EC28BC2B358FB100740D4A /* Preview Assets.xcassets in Resources */ = {isa = PBXBuildFile; fileRef = C2EC28BB2B358FB100740D4A /* Preview Assets.xcassets */; };
		C2EC28C52B358FFB00740D4A /* WeatherClient.swift in Sources */ = {isa = PBXBuildFile; fileRef = C2EC28C42B358FFB00740D4A /* WeatherClient.swift */; };
		C2EC28C82B35922E00740D4A /* RealtimeWeather.swift in Sources */ = {isa = PBXBuildFile; fileRef = C2EC28C72B35922E00740D4A /* RealtimeWeather.swift */; };
/* End PBXBuildFile section */

/* Begin PBXFileReference section */
		C21E8AF02B39B0FA00411B88 /* ShanghaiWeather.json */ = {isa = PBXFileReference; lastKnownFileType = text.json; path = ShanghaiWeather.json; sourceTree = "<group>"; };
		C21E8AF32B39B26000411B88 /* WeatherService.swift */ = {isa = PBXFileReference; lastKnownFileType = sourcecode.swift; path = WeatherService.swift; sourceTree = "<group>"; };
		C2EC28AB2B358FB000740D4A /* Weather.app */ = {isa = PBXFileReference; explicitFileType = wrapper.application; includeInIndex = 0; path = Weather.app; sourceTree = BUILT_PRODUCTS_DIR; };
		C2EC28AF2B358FB000740D4A /* RealityKitContent */ = {isa = PBXFileReference; lastKnownFileType = wrapper; path = RealityKitContent; sourceTree = "<group>"; };
		C2EC28B22B358FB000740D4A /* WeatherApp.swift */ = {isa = PBXFileReference; lastKnownFileType = sourcecode.swift; path = WeatherApp.swift; sourceTree = "<group>"; };
		C2EC28B42B358FB000740D4A /* ContentView.swift */ = {isa = PBXFileReference; lastKnownFileType = sourcecode.swift; path = ContentView.swift; sourceTree = "<group>"; };
		C2EC28B62B358FB000740D4A /* ImmersiveView.swift */ = {isa = PBXFileReference; lastKnownFileType = sourcecode.swift; path = ImmersiveView.swift; sourceTree = "<group>"; };
		C2EC28B82B358FB100740D4A /* Assets.xcassets */ = {isa = PBXFileReference; lastKnownFileType = folder.assetcatalog; path = Assets.xcassets; sourceTree = "<group>"; };
		C2EC28BB2B358FB100740D4A /* Preview Assets.xcassets */ = {isa = PBXFileReference; lastKnownFileType = folder.assetcatalog; path = "Preview Assets.xcassets"; sourceTree = "<group>"; };
		C2EC28BD2B358FB100740D4A /* Info.plist */ = {isa = PBXFileReference; lastKnownFileType = text.plist.xml; path = Info.plist; sourceTree = "<group>"; };
		C2EC28C42B358FFB00740D4A /* WeatherClient.swift */ = {isa = PBXFileReference; lastKnownFileType = sourcecode.swift; path = WeatherClient.swift; sourceTree = "<group>"; };
		C2EC28C72B35922E00740D4A /* RealtimeWeather.swift */ = {isa = PBXFileReference; lastKnownFileType = sourcecode.swift; path = RealtimeWeather.swift; sourceTree = "<group>"; };
/* End PBXFileReference section */

/* Begin PBXFrameworksBuildPhase section */
		C2EC28A82B358FB000740D4A /* Frameworks */ = {
			isa = PBXFrameworksBuildPhase;
			buildActionMask = 2147483647;
			files = (
				C2EC28B12B358FB000740D4A /* RealityKitContent in Frameworks */,
			);
			runOnlyForDeploymentPostprocessing = 0;
		};
/* End PBXFrameworksBuildPhase section */

/* Begin PBXGroup section */
		C21E8AEF2B39816D00411B88 /* Mocks */ = {
			isa = PBXGroup;
			children = (
				C21E8AF02B39B0FA00411B88 /* ShanghaiWeather.json */,
			);
			path = Mocks;
			sourceTree = "<group>";
		};
		C21E8AF22B39B23C00411B88 /* Clients */ = {
			isa = PBXGroup;
			children = (
				C2EC28C42B358FFB00740D4A /* WeatherClient.swift */,
			);
			path = Clients;
			sourceTree = "<group>";
		};
		C2EC28A22B358FB000740D4A = {
			isa = PBXGroup;
			children = (
				C2EC28AD2B358FB000740D4A /* Weather */,
				C2EC28AE2B358FB000740D4A /* Packages */,
				C2EC28AC2B358FB000740D4A /* Products */,
			);
			sourceTree = "<group>";
		};
		C2EC28AC2B358FB000740D4A /* Products */ = {
			isa = PBXGroup;
			children = (
				C2EC28AB2B358FB000740D4A /* Weather.app */,
			);
			name = Products;
			sourceTree = "<group>";
		};
		C2EC28AD2B358FB000740D4A /* Weather */ = {
			isa = PBXGroup;
			children = (
				C21E8AF22B39B23C00411B88 /* Clients */,
				C21E8AEF2B39816D00411B88 /* Mocks */,
				C2EC28C62B35920E00740D4A /* Model */,
				C2EC28C32B358FD800740D4A /* Services */,
				C2EC28B22B358FB000740D4A /* WeatherApp.swift */,
				C2EC28B42B358FB000740D4A /* ContentView.swift */,
				C2EC28B62B358FB000740D4A /* ImmersiveView.swift */,
				C2EC28B82B358FB100740D4A /* Assets.xcassets */,
				C2EC28BD2B358FB100740D4A /* Info.plist */,
				C2EC28BA2B358FB100740D4A /* Preview Content */,
			);
			path = Weather;
			sourceTree = "<group>";
		};
		C2EC28AE2B358FB000740D4A /* Packages */ = {
			isa = PBXGroup;
			children = (
				C2EC28AF2B358FB000740D4A /* RealityKitContent */,
			);
			path = Packages;
			sourceTree = "<group>";
		};
		C2EC28BA2B358FB100740D4A /* Preview Content */ = {
			isa = PBXGroup;
			children = (
				C2EC28BB2B358FB100740D4A /* Preview Assets.xcassets */,
			);
			path = "Preview Content";
			sourceTree = "<group>";
		};
		C2EC28C32B358FD800740D4A /* Services */ = {
			isa = PBXGroup;
			children = (
				C21E8AF32B39B26000411B88 /* WeatherService.swift */,
			);
			path = Services;
			sourceTree = "<group>";
		};
		C2EC28C62B35920E00740D4A /* Model */ = {
			isa = PBXGroup;
			children = (
				C2EC28C72B35922E00740D4A /* RealtimeWeather.swift */,
			);
			path = Model;
			sourceTree = "<group>";
		};
/* End PBXGroup section */

/* Begin PBXNativeTarget section */
		C2EC28AA2B358FB000740D4A /* Weather */ = {
			isa = PBXNativeTarget;
			buildConfigurationList = C2EC28C02B358FB100740D4A /* Build configuration list for PBXNativeTarget "Weather" */;
			buildPhases = (
				C2EC28A72B358FB000740D4A /* Sources */,
				C2EC28A82B358FB000740D4A /* Frameworks */,
				C2EC28A92B358FB000740D4A /* Resources */,
			);
			buildRules = (
			);
			dependencies = (
			);
			name = Weather;
			packageProductDependencies = (
				C2EC28B02B358FB000740D4A /* RealityKitContent */,
			);
			productName = Weather;
			productReference = C2EC28AB2B358FB000740D4A /* Weather.app */;
			productType = "com.apple.product-type.application";
		};
/* End PBXNativeTarget section */

/* Begin PBXProject section */
		C2EC28A32B358FB000740D4A /* Project object */ = {
			isa = PBXProject;
			attributes = {
				BuildIndependentTargetsInParallel = 1;
				LastSwiftUpdateCheck = 1510;
				LastUpgradeCheck = 1510;
				TargetAttributes = {
					C2EC28AA2B358FB000740D4A = {
						CreatedOnToolsVersion = 15.1;
					};
				};
			};
			buildConfigurationList = C2EC28A62B358FB000740D4A /* Build configuration list for PBXProject "Weather" */;
			compatibilityVersion = "Xcode 14.0";
			developmentRegion = en;
			hasScannedForEncodings = 0;
			knownRegions = (
				en,
				Base,
			);
			mainGroup = C2EC28A22B358FB000740D4A;
			productRefGroup = C2EC28AC2B358FB000740D4A /* Products */;
			projectDirPath = "";
			projectRoot = "";
			targets = (
				C2EC28AA2B358FB000740D4A /* Weather */,
			);
		};
/* End PBXProject section */

/* Begin PBXResourcesBuildPhase section */
		C2EC28A92B358FB000740D4A /* Resources */ = {
			isa = PBXResourcesBuildPhase;
			buildActionMask = 2147483647;
			files = (
				C2EC28BC2B358FB100740D4A /* Preview Assets.xcassets in Resources */,
				C2EC28B92B358FB100740D4A /* Assets.xcassets in Resources */,
				C21E8AF12B39B0FA00411B88 /* ShanghaiWeather.json in Resources */,
			);
			runOnlyForDeploymentPostprocessing = 0;
		};
/* End PBXResourcesBuildPhase section */

/* Begin PBXSourcesBuildPhase section */
		C2EC28A72B358FB000740D4A /* Sources */ = {
			isa = PBXSourcesBuildPhase;
			buildActionMask = 2147483647;
			files = (
				C2EC28C82B35922E00740D4A /* RealtimeWeather.swift in Sources */,
				C2EC28B52B358FB000740D4A /* ContentView.swift in Sources */,
				C2EC28C52B358FFB00740D4A /* WeatherClient.swift in Sources */,
				C2EC28B32B358FB000740D4A /* WeatherApp.swift in Sources */,
				C21E8AF42B39B26000411B88 /* WeatherService.swift in Sources */,
				C2EC28B72B358FB000740D4A /* ImmersiveView.swift in Sources */,
			);
			runOnlyForDeploymentPostprocessing = 0;
		};
/* End PBXSourcesBuildPhase section */

/* Begin XCBuildConfiguration section */
		C2EC28BE2B358FB100740D4A /* Debug */ = {
			isa = XCBuildConfiguration;
			buildSettings = {
				ALWAYS_SEARCH_USER_PATHS = NO;
				ASSETCATALOG_COMPILER_GENERATE_SWIFT_ASSET_SYMBOL_EXTENSIONS = YES;
				CLANG_ANALYZER_NONNULL = YES;
				CLANG_ANALYZER_NUMBER_OBJECT_CONVERSION = YES_AGGRESSIVE;
				CLANG_CXX_LANGUAGE_STANDARD = "gnu++20";
				CLANG_ENABLE_MODULES = YES;
				CLANG_ENABLE_OBJC_ARC = YES;
				CLANG_ENABLE_OBJC_WEAK = YES;
				CLANG_WARN_BLOCK_CAPTURE_AUTORELEASING = YES;
				CLANG_WARN_BOOL_CONVERSION = YES;
				CLANG_WARN_COMMA = YES;
				CLANG_WARN_CONSTANT_CONVERSION = YES;
				CLANG_WARN_DEPRECATED_OBJC_IMPLEMENTATIONS = YES;
				CLANG_WARN_DIRECT_OBJC_ISA_USAGE = YES_ERROR;
				CLANG_WARN_DOCUMENTATION_COMMENTS = YES;
				CLANG_WARN_EMPTY_BODY = YES;
				CLANG_WARN_ENUM_CONVERSION = YES;
				CLANG_WARN_INFINITE_RECURSION = YES;
				CLANG_WARN_INT_CONVERSION = YES;
				CLANG_WARN_NON_LITERAL_NULL_CONVERSION = YES;
				CLANG_WARN_OBJC_IMPLICIT_RETAIN_SELF = YES;
				CLANG_WARN_OBJC_LITERAL_CONVERSION = YES;
				CLANG_WARN_OBJC_ROOT_CLASS = YES_ERROR;
				CLANG_WARN_QUOTED_INCLUDE_IN_FRAMEWORK_HEADER = YES;
				CLANG_WARN_RANGE_LOOP_ANALYSIS = YES;
				CLANG_WARN_STRICT_PROTOTYPES = YES;
				CLANG_WARN_SUSPICIOUS_MOVE = YES;
				CLANG_WARN_UNGUARDED_AVAILABILITY = YES_AGGRESSIVE;
				CLANG_WARN_UNREACHABLE_CODE = YES;
				CLANG_WARN__DUPLICATE_METHOD_MATCH = YES;
				COPY_PHASE_STRIP = NO;
				DEBUG_INFORMATION_FORMAT = dwarf;
				ENABLE_STRICT_OBJC_MSGSEND = YES;
				ENABLE_TESTABILITY = YES;
				ENABLE_USER_SCRIPT_SANDBOXING = YES;
				GCC_C_LANGUAGE_STANDARD = gnu17;
				GCC_DYNAMIC_NO_PIC = NO;
				GCC_NO_COMMON_BLOCKS = YES;
				GCC_OPTIMIZATION_LEVEL = 0;
				GCC_PREPROCESSOR_DEFINITIONS = (
					"DEBUG=1",
					"$(inherited)",
				);
				GCC_WARN_64_TO_32_BIT_CONVERSION = YES;
				GCC_WARN_ABOUT_RETURN_TYPE = YES_ERROR;
				GCC_WARN_UNDECLARED_SELECTOR = YES;
				GCC_WARN_UNINITIALIZED_AUTOS = YES_AGGRESSIVE;
				GCC_WARN_UNUSED_FUNCTION = YES;
				GCC_WARN_UNUSED_VARIABLE = YES;
				LOCALIZATION_PREFERS_STRING_CATALOGS = YES;
				MTL_ENABLE_DEBUG_INFO = INCLUDE_SOURCE;
				MTL_FAST_MATH = YES;
				ONLY_ACTIVE_ARCH = YES;
				SDKROOT = xros;
				SWIFT_ACTIVE_COMPILATION_CONDITIONS = "DEBUG $(inherited)";
				SWIFT_OPTIMIZATION_LEVEL = "-Onone";
				XROS_DEPLOYMENT_TARGET = 1.0;
			};
			name = Debug;
		};
		C2EC28BF2B358FB100740D4A /* Release */ = {
			isa = XCBuildConfiguration;
			buildSettings = {
				ALWAYS_SEARCH_USER_PATHS = NO;
				ASSETCATALOG_COMPILER_GENERATE_SWIFT_ASSET_SYMBOL_EXTENSIONS = YES;
				CLANG_ANALYZER_NONNULL = YES;
				CLANG_ANALYZER_NUMBER_OBJECT_CONVERSION = YES_AGGRESSIVE;
				CLANG_CXX_LANGUAGE_STANDARD = "gnu++20";
				CLANG_ENABLE_MODULES = YES;
				CLANG_ENABLE_OBJC_ARC = YES;
				CLANG_ENABLE_OBJC_WEAK = YES;
				CLANG_WARN_BLOCK_CAPTURE_AUTORELEASING = YES;
				CLANG_WARN_BOOL_CONVERSION = YES;
				CLANG_WARN_COMMA = YES;
				CLANG_WARN_CONSTANT_CONVERSION = YES;
				CLANG_WARN_DEPRECATED_OBJC_IMPLEMENTATIONS = YES;
				CLANG_WARN_DIRECT_OBJC_ISA_USAGE = YES_ERROR;
				CLANG_WARN_DOCUMENTATION_COMMENTS = YES;
				CLANG_WARN_EMPTY_BODY = YES;
				CLANG_WARN_ENUM_CONVERSION = YES;
				CLANG_WARN_INFINITE_RECURSION = YES;
				CLANG_WARN_INT_CONVERSION = YES;
				CLANG_WARN_NON_LITERAL_NULL_CONVERSION = YES;
				CLANG_WARN_OBJC_IMPLICIT_RETAIN_SELF = YES;
				CLANG_WARN_OBJC_LITERAL_CONVERSION = YES;
				CLANG_WARN_OBJC_ROOT_CLASS = YES_ERROR;
				CLANG_WARN_QUOTED_INCLUDE_IN_FRAMEWORK_HEADER = YES;
				CLANG_WARN_RANGE_LOOP_ANALYSIS = YES;
				CLANG_WARN_STRICT_PROTOTYPES = YES;
				CLANG_WARN_SUSPICIOUS_MOVE = YES;
				CLANG_WARN_UNGUARDED_AVAILABILITY = YES_AGGRESSIVE;
				CLANG_WARN_UNREACHABLE_CODE = YES;
				CLANG_WARN__DUPLICATE_METHOD_MATCH = YES;
				COPY_PHASE_STRIP = NO;
				DEBUG_INFORMATION_FORMAT = "dwarf-with-dsym";
				ENABLE_NS_ASSERTIONS = NO;
				ENABLE_STRICT_OBJC_MSGSEND = YES;
				ENABLE_USER_SCRIPT_SANDBOXING = YES;
				GCC_C_LANGUAGE_STANDARD = gnu17;
				GCC_NO_COMMON_BLOCKS = YES;
				GCC_WARN_64_TO_32_BIT_CONVERSION = YES;
				GCC_WARN_ABOUT_RETURN_TYPE = YES_ERROR;
				GCC_WARN_UNDECLARED_SELECTOR = YES;
				GCC_WARN_UNINITIALIZED_AUTOS = YES_AGGRESSIVE;
				GCC_WARN_UNUSED_FUNCTION = YES;
				GCC_WARN_UNUSED_VARIABLE = YES;
				LOCALIZATION_PREFERS_STRING_CATALOGS = YES;
				MTL_ENABLE_DEBUG_INFO = NO;
				MTL_FAST_MATH = YES;
				SDKROOT = xros;
				SWIFT_COMPILATION_MODE = wholemodule;
				VALIDATE_PRODUCT = YES;
				XROS_DEPLOYMENT_TARGET = 1.0;
			};
			name = Release;
		};
		C2EC28C12B358FB100740D4A /* Debug */ = {
			isa = XCBuildConfiguration;
			buildSettings = {
				ASSETCATALOG_COMPILER_APPICON_NAME = AppIcon;
				ASSETCATALOG_COMPILER_GLOBAL_ACCENT_COLOR_NAME = AccentColor;
				CODE_SIGN_STYLE = Automatic;
				CURRENT_PROJECT_VERSION = 1;
				DEVELOPMENT_ASSET_PATHS = "\"Weather/Preview Content\"";
				DEVELOPMENT_TEAM = 5KVRUJ2FNN;
				ENABLE_PREVIEWS = YES;
				GENERATE_INFOPLIST_FILE = YES;
				INFOPLIST_FILE = "$(TARGET_NAME)/Info.plist";
				LD_RUNPATH_SEARCH_PATHS = (
					"$(inherited)",
					"@executable_path/Frameworks",
				);
				MARKETING_VERSION = 1.0;
				PRODUCT_BUNDLE_IDENTIFIER = pro.xuchi.Weather;
				PRODUCT_NAME = "$(TARGET_NAME)";
				SUPPORTED_PLATFORMS = "xros xrsimulator";
				SWIFT_EMIT_LOC_STRINGS = YES;
				SWIFT_VERSION = 5.0;
				TARGETED_DEVICE_FAMILY = "1,2,7";
			};
			name = Debug;
		};
		C2EC28C22B358FB100740D4A /* Release */ = {
			isa = XCBuildConfiguration;
			buildSettings = {
				ASSETCATALOG_COMPILER_APPICON_NAME = AppIcon;
				ASSETCATALOG_COMPILER_GLOBAL_ACCENT_COLOR_NAME = AccentColor;
				CODE_SIGN_STYLE = Automatic;
				CURRENT_PROJECT_VERSION = 1;
				DEVELOPMENT_ASSET_PATHS = "\"Weather/Preview Content\"";
				DEVELOPMENT_TEAM = 5KVRUJ2FNN;
				ENABLE_PREVIEWS = YES;
				GENERATE_INFOPLIST_FILE = YES;
				INFOPLIST_FILE = "$(TARGET_NAME)/Info.plist";
				LD_RUNPATH_SEARCH_PATHS = (
					"$(inherited)",
					"@executable_path/Frameworks",
				);
				MARKETING_VERSION = 1.0;
				PRODUCT_BUNDLE_IDENTIFIER = pro.xuchi.Weather;
				PRODUCT_NAME = "$(TARGET_NAME)";
				SUPPORTED_PLATFORMS = "xros xrsimulator";
				SWIFT_EMIT_LOC_STRINGS = YES;
				SWIFT_VERSION = 5.0;
				TARGETED_DEVICE_FAMILY = "1,2,7";
			};
			name = Release;
		};
/* End XCBuildConfiguration section */

/* Begin XCConfigurationList section */
		C2EC28A62B358FB000740D4A /* Build configuration list for PBXProject "Weather" */ = {
			isa = XCConfigurationList;
			buildConfigurations = (
				C2EC28BE2B358FB100740D4A /* Debug */,
				C2EC28BF2B358FB100740D4A /* Release */,
			);
			defaultConfigurationIsVisible = 0;
			defaultConfigurationName = Release;
		};
		C2EC28C02B358FB100740D4A /* Build configuration list for PBXNativeTarget "Weather" */ = {
			isa = XCConfigurationList;
			buildConfigurations = (
				C2EC28C12B358FB100740D4A /* Debug */,
				C2EC28C22B358FB100740D4A /* Release */,
			);
			defaultConfigurationIsVisible = 0;
			defaultConfigurationName = Release;
		};
/* End XCConfigurationList section */

/* Begin XCSwiftPackageProductDependency section */
		C2EC28B02B358FB000740D4A /* RealityKitContent */ = {
			isa = XCSwiftPackageProductDependency;
			productName = RealityKitContent;
		};
/* End XCSwiftPackageProductDependency section */
	};
	rootObject = C2EC28A32B358FB000740D4A /* Project object */;
}
