// !$*UTF8*$!
{
	archiveVersion = 1;
	classes = {
	};
	objectVersion = 56;
	objects = {

/* Begin PBXBuildFile section */
		C28B7FF42B3DCE3B00695D45 /* RealityKitContent in Frameworks */ = {isa = PBXBuildFile; productRef = C28B7FF32B3DCE3B00695D45 /* RealityKitContent */; };
		C28B7FF62B3DCE3B00695D45 /* BarsApp.swift in Sources */ = {isa = PBXBuildFile; fileRef = C28B7FF52B3DCE3B00695D45 /* BarsApp.swift */; };
		C28B7FF82B3DCE3B00695D45 /* ContentView.swift in Sources */ = {isa = PBXBuildFile; fileRef = C28B7FF72B3DCE3B00695D45 /* ContentView.swift */; };
		C28B7FFC2B3DCE3D00695D45 /* Assets.xcassets in Resources */ = {isa = PBXBuildFile; fileRef = C28B7FFB2B3DCE3D00695D45 /* Assets.xcassets */; };
		C28B7FFF2B3DCE3D00695D45 /* Preview Assets.xcassets in Resources */ = {isa = PBXBuildFile; fileRef = C28B7FFE2B3DCE3D00695D45 /* Preview Assets.xcassets */; };
		C2F6E1602B3EA23B00B26406 /* ViewModel.swift in Sources */ = {isa = PBXBuildFile; fileRef = C2F6E15F2B3EA23B00B26406 /* ViewModel.swift */; };
		C2F6E1622B3EA74500B26406 /* PlainContentView.swift in Sources */ = {isa = PBXBuildFile; fileRef = C2F6E1612B3EA74500B26406 /* PlainContentView.swift */; };
		C2F6E1642B40134800B26406 /* PageView.swift in Sources */ = {isa = PBXBuildFile; fileRef = C2F6E1632B40134800B26406 /* PageView.swift */; };
/* End PBXBuildFile section */

/* Begin PBXFileReference section */
		C28B7FEE2B3DCE3B00695D45 /* Bars.app */ = {isa = PBXFileReference; explicitFileType = wrapper.application; includeInIndex = 0; path = Bars.app; sourceTree = BUILT_PRODUCTS_DIR; };
		C28B7FF22B3DCE3B00695D45 /* RealityKitContent */ = {isa = PBXFileReference; lastKnownFileType = wrapper; path = RealityKitContent; sourceTree = "<group>"; };
		C28B7FF52B3DCE3B00695D45 /* BarsApp.swift */ = {isa = PBXFileReference; lastKnownFileType = sourcecode.swift; path = BarsApp.swift; sourceTree = "<group>"; };
		C28B7FF72B3DCE3B00695D45 /* ContentView.swift */ = {isa = PBXFileReference; lastKnownFileType = sourcecode.swift; path = ContentView.swift; sourceTree = "<group>"; };
		C28B7FFB2B3DCE3D00695D45 /* Assets.xcassets */ = {isa = PBXFileReference; lastKnownFileType = folder.assetcatalog; path = Assets.xcassets; sourceTree = "<group>"; };
		C28B7FFE2B3DCE3D00695D45 /* Preview Assets.xcassets */ = {isa = PBXFileReference; lastKnownFileType = folder.assetcatalog; path = "Preview Assets.xcassets"; sourceTree = "<group>"; };
		C28B80002B3DCE3D00695D45 /* Info.plist */ = {isa = PBXFileReference; lastKnownFileType = text.plist.xml; path = Info.plist; sourceTree = "<group>"; };
		C2F6E15F2B3EA23B00B26406 /* ViewModel.swift */ = {isa = PBXFileReference; lastKnownFileType = sourcecode.swift; path = ViewModel.swift; sourceTree = "<group>"; };
		C2F6E1612B3EA74500B26406 /* PlainContentView.swift */ = {isa = PBXFileReference; lastKnownFileType = sourcecode.swift; path = PlainContentView.swift; sourceTree = "<group>"; };
		C2F6E1632B40134800B26406 /* PageView.swift */ = {isa = PBXFileReference; lastKnownFileType = sourcecode.swift; path = PageView.swift; sourceTree = "<group>"; };
/* End PBXFileReference section */

/* Begin PBXFrameworksBuildPhase section */
		C28B7FEB2B3DCE3B00695D45 /* Frameworks */ = {
			isa = PBXFrameworksBuildPhase;
			buildActionMask = 2147483647;
			files = (
				C28B7FF42B3DCE3B00695D45 /* RealityKitContent in Frameworks */,
			);
			runOnlyForDeploymentPostprocessing = 0;
		};
/* End PBXFrameworksBuildPhase section */

/* Begin PBXGroup section */
		C28B7FE52B3DCE3B00695D45 = {
			isa = PBXGroup;
			children = (
				C28B7FF02B3DCE3B00695D45 /* Bars */,
				C28B7FF12B3DCE3B00695D45 /* Packages */,
				C28B7FEF2B3DCE3B00695D45 /* Products */,
			);
			sourceTree = "<group>";
		};
		C28B7FEF2B3DCE3B00695D45 /* Products */ = {
			isa = PBXGroup;
			children = (
				C28B7FEE2B3DCE3B00695D45 /* Bars.app */,
			);
			name = Products;
			sourceTree = "<group>";
		};
		C28B7FF02B3DCE3B00695D45 /* Bars */ = {
			isa = PBXGroup;
			children = (
				C28B7FF52B3DCE3B00695D45 /* BarsApp.swift */,
				C28B7FF72B3DCE3B00695D45 /* ContentView.swift */,
				C2F6E1612B3EA74500B26406 /* PlainContentView.swift */,
				C2F6E15F2B3EA23B00B26406 /* ViewModel.swift */,
				C2F6E1632B40134800B26406 /* PageView.swift */,
				C28B7FFB2B3DCE3D00695D45 /* Assets.xcassets */,
				C28B80002B3DCE3D00695D45 /* Info.plist */,
				C28B7FFD2B3DCE3D00695D45 /* Preview Content */,
			);
			path = Bars;
			sourceTree = "<group>";
		};
		C28B7FF12B3DCE3B00695D45 /* Packages */ = {
			isa = PBXGroup;
			children = (
				C28B7FF22B3DCE3B00695D45 /* RealityKitContent */,
			);
			path = Packages;
			sourceTree = "<group>";
		};
		C28B7FFD2B3DCE3D00695D45 /* Preview Content */ = {
			isa = PBXGroup;
			children = (
				C28B7FFE2B3DCE3D00695D45 /* Preview Assets.xcassets */,
			);
			path = "Preview Content";
			sourceTree = "<group>";
		};
/* End PBXGroup section */

/* Begin PBXNativeTarget section */
		C28B7FED2B3DCE3B00695D45 /* Bars */ = {
			isa = PBXNativeTarget;
			buildConfigurationList = C28B80032B3DCE3D00695D45 /* Build configuration list for PBXNativeTarget "Bars" */;
			buildPhases = (
				C28B7FEA2B3DCE3B00695D45 /* Sources */,
				C28B7FEB2B3DCE3B00695D45 /* Frameworks */,
				C28B7FEC2B3DCE3B00695D45 /* Resources */,
			);
			buildRules = (
			);
			dependencies = (
			);
			name = Bars;
			packageProductDependencies = (
				C28B7FF32B3DCE3B00695D45 /* RealityKitContent */,
			);
			productName = Bars;
			productReference = C28B7FEE2B3DCE3B00695D45 /* Bars.app */;
			productType = "com.apple.product-type.application";
		};
/* End PBXNativeTarget section */

/* Begin PBXProject section */
		C28B7FE62B3DCE3B00695D45 /* Project object */ = {
			isa = PBXProject;
			attributes = {
				BuildIndependentTargetsInParallel = 1;
				LastSwiftUpdateCheck = 1510;
				LastUpgradeCheck = 1510;
				TargetAttributes = {
					C28B7FED2B3DCE3B00695D45 = {
						CreatedOnToolsVersion = 15.1;
					};
				};
			};
			buildConfigurationList = C28B7FE92B3DCE3B00695D45 /* Build configuration list for PBXProject "Bars" */;
			compatibilityVersion = "Xcode 14.0";
			developmentRegion = en;
			hasScannedForEncodings = 0;
			knownRegions = (
				en,
				Base,
			);
			mainGroup = C28B7FE52B3DCE3B00695D45;
			productRefGroup = C28B7FEF2B3DCE3B00695D45 /* Products */;
			projectDirPath = "";
			projectRoot = "";
			targets = (
				C28B7FED2B3DCE3B00695D45 /* Bars */,
			);
		};
/* End PBXProject section */

/* Begin PBXResourcesBuildPhase section */
		C28B7FEC2B3DCE3B00695D45 /* Resources */ = {
			isa = PBXResourcesBuildPhase;
			buildActionMask = 2147483647;
			files = (
				C28B7FFF2B3DCE3D00695D45 /* Preview Assets.xcassets in Resources */,
				C28B7FFC2B3DCE3D00695D45 /* Assets.xcassets in Resources */,
			);
			runOnlyForDeploymentPostprocessing = 0;
		};
/* End PBXResourcesBuildPhase section */

/* Begin PBXSourcesBuildPhase section */
		C28B7FEA2B3DCE3B00695D45 /* Sources */ = {
			isa = PBXSourcesBuildPhase;
			buildActionMask = 2147483647;
			files = (
				C2F6E1602B3EA23B00B26406 /* ViewModel.swift in Sources */,
				C28B7FF82B3DCE3B00695D45 /* ContentView.swift in Sources */,
				C28B7FF62B3DCE3B00695D45 /* BarsApp.swift in Sources */,
				C2F6E1622B3EA74500B26406 /* PlainContentView.swift in Sources */,
				C2F6E1642B40134800B26406 /* PageView.swift in Sources */,
			);
			runOnlyForDeploymentPostprocessing = 0;
		};
/* End PBXSourcesBuildPhase section */

/* Begin XCBuildConfiguration section */
		C28B80012B3DCE3D00695D45 /* Debug */ = {
			isa = XCBuildConfiguration;
			buildSettings = {
				ALWAYS_SEARCH_USER_PATHS = NO;
				ASSETCATALOG_COMPILER_GENERATE_SWIFT_ASSET_SYMBOL_EXTENSIONS = YES;
				CLANG_ANALYZER_NONNULL = YES;
				CLANG_ANALYZER_NUMBER_OBJECT_CONVERSION = YES_AGGRESSIVE;
				CLANG_CXX_LANGUAGE_STANDARD = "gnu++20";
				CLANG_ENABLE_MODULES = YES;
				CLANG_ENABLE_OBJC_ARC = YES;
				CLANG_ENABLE_OBJC_WEAK = YES;
				CLANG_WARN_BLOCK_CAPTURE_AUTORELEASING = YES;
				CLANG_WARN_BOOL_CONVERSION = YES;
				CLANG_WARN_COMMA = YES;
				CLANG_WARN_CONSTANT_CONVERSION = YES;
				CLANG_WARN_DEPRECATED_OBJC_IMPLEMENTATIONS = YES;
				CLANG_WARN_DIRECT_OBJC_ISA_USAGE = YES_ERROR;
				CLANG_WARN_DOCUMENTATION_COMMENTS = YES;
				CLANG_WARN_EMPTY_BODY = YES;
				CLANG_WARN_ENUM_CONVERSION = YES;
				CLANG_WARN_INFINITE_RECURSION = YES;
				CLANG_WARN_INT_CONVERSION = YES;
				CLANG_WARN_NON_LITERAL_NULL_CONVERSION = YES;
				CLANG_WARN_OBJC_IMPLICIT_RETAIN_SELF = YES;
				CLANG_WARN_OBJC_LITERAL_CONVERSION = YES;
				CLANG_WARN_OBJC_ROOT_CLASS = YES_ERROR;
				CLANG_WARN_QUOTED_INCLUDE_IN_FRAMEWORK_HEADER = YES;
				CLANG_WARN_RANGE_LOOP_ANALYSIS = YES;
				CLANG_WARN_STRICT_PROTOTYPES = YES;
				CLANG_WARN_SUSPICIOUS_MOVE = YES;
				CLANG_WARN_UNGUARDED_AVAILABILITY = YES_AGGRESSIVE;
				CLANG_WARN_UNREACHABLE_CODE = YES;
				CLANG_WARN__DUPLICATE_METHOD_MATCH = YES;
				COPY_PHASE_STRIP = NO;
				DEBUG_INFORMATION_FORMAT = dwarf;
				ENABLE_STRICT_OBJC_MSGSEND = YES;
				ENABLE_TESTABILITY = YES;
				ENABLE_USER_SCRIPT_SANDBOXING = YES;
				GCC_C_LANGUAGE_STANDARD = gnu17;
				GCC_DYNAMIC_NO_PIC = NO;
				GCC_NO_COMMON_BLOCKS = YES;
				GCC_OPTIMIZATION_LEVEL = 0;
				GCC_PREPROCESSOR_DEFINITIONS = (
					"DEBUG=1",
					"$(inherited)",
				);
				GCC_WARN_64_TO_32_BIT_CONVERSION = YES;
				GCC_WARN_ABOUT_RETURN_TYPE = YES_ERROR;
				GCC_WARN_UNDECLARED_SELECTOR = YES;
				GCC_WARN_UNINITIALIZED_AUTOS = YES_AGGRESSIVE;
				GCC_WARN_UNUSED_FUNCTION = YES;
				GCC_WARN_UNUSED_VARIABLE = YES;
				LOCALIZATION_PREFERS_STRING_CATALOGS = YES;
				MTL_ENABLE_DEBUG_INFO = INCLUDE_SOURCE;
				MTL_FAST_MATH = YES;
				ONLY_ACTIVE_ARCH = YES;
				SDKROOT = xros;
				SWIFT_ACTIVE_COMPILATION_CONDITIONS = "DEBUG $(inherited)";
				SWIFT_OPTIMIZATION_LEVEL = "-Onone";
				XROS_DEPLOYMENT_TARGET = 1.0;
			};
			name = Debug;
		};
		C28B80022B3DCE3D00695D45 /* Release */ = {
			isa = XCBuildConfiguration;
			buildSettings = {
				ALWAYS_SEARCH_USER_PATHS = NO;
				ASSETCATALOG_COMPILER_GENERATE_SWIFT_ASSET_SYMBOL_EXTENSIONS = YES;
				CLANG_ANALYZER_NONNULL = YES;
				CLANG_ANALYZER_NUMBER_OBJECT_CONVERSION = YES_AGGRESSIVE;
				CLANG_CXX_LANGUAGE_STANDARD = "gnu++20";
				CLANG_ENABLE_MODULES = YES;
				CLANG_ENABLE_OBJC_ARC = YES;
				CLANG_ENABLE_OBJC_WEAK = YES;
				CLANG_WARN_BLOCK_CAPTURE_AUTORELEASING = YES;
				CLANG_WARN_BOOL_CONVERSION = YES;
				CLANG_WARN_COMMA = YES;
				CLANG_WARN_CONSTANT_CONVERSION = YES;
				CLANG_WARN_DEPRECATED_OBJC_IMPLEMENTATIONS = YES;
				CLANG_WARN_DIRECT_OBJC_ISA_USAGE = YES_ERROR;
				CLANG_WARN_DOCUMENTATION_COMMENTS = YES;
				CLANG_WARN_EMPTY_BODY = YES;
				CLANG_WARN_ENUM_CONVERSION = YES;
				CLANG_WARN_INFINITE_RECURSION = YES;
				CLANG_WARN_INT_CONVERSION = YES;
				CLANG_WARN_NON_LITERAL_NULL_CONVERSION = YES;
				CLANG_WARN_OBJC_IMPLICIT_RETAIN_SELF = YES;
				CLANG_WARN_OBJC_LITERAL_CONVERSION = YES;
				CLANG_WARN_OBJC_ROOT_CLASS = YES_ERROR;
				CLANG_WARN_QUOTED_INCLUDE_IN_FRAMEWORK_HEADER = YES;
				CLANG_WARN_RANGE_LOOP_ANALYSIS = YES;
				CLANG_WARN_STRICT_PROTOTYPES = YES;
				CLANG_WARN_SUSPICIOUS_MOVE = YES;
				CLANG_WARN_UNGUARDED_AVAILABILITY = YES_AGGRESSIVE;
				CLANG_WARN_UNREACHABLE_CODE = YES;
				CLANG_WARN__DUPLICATE_METHOD_MATCH = YES;
				COPY_PHASE_STRIP = NO;
				DEBUG_INFORMATION_FORMAT = "dwarf-with-dsym";
				ENABLE_NS_ASSERTIONS = NO;
				ENABLE_STRICT_OBJC_MSGSEND = YES;
				ENABLE_USER_SCRIPT_SANDBOXING = YES;
				GCC_C_LANGUAGE_STANDARD = gnu17;
				GCC_NO_COMMON_BLOCKS = YES;
				GCC_WARN_64_TO_32_BIT_CONVERSION = YES;
				GCC_WARN_ABOUT_RETURN_TYPE = YES_ERROR;
				GCC_WARN_UNDECLARED_SELECTOR = YES;
				GCC_WARN_UNINITIALIZED_AUTOS = YES_AGGRESSIVE;
				GCC_WARN_UNUSED_FUNCTION = YES;
				GCC_WARN_UNUSED_VARIABLE = YES;
				LOCALIZATION_PREFERS_STRING_CATALOGS = YES;
				MTL_ENABLE_DEBUG_INFO = NO;
				MTL_FAST_MATH = YES;
				SDKROOT = xros;
				SWIFT_COMPILATION_MODE = wholemodule;
				VALIDATE_PRODUCT = YES;
				XROS_DEPLOYMENT_TARGET = 1.0;
			};
			name = Release;
		};
		C28B80042B3DCE3D00695D45 /* Debug */ = {
			isa = XCBuildConfiguration;
			buildSettings = {
				ASSETCATALOG_COMPILER_APPICON_NAME = AppIcon;
				ASSETCATALOG_COMPILER_GLOBAL_ACCENT_COLOR_NAME = AccentColor;
				CODE_SIGN_STYLE = Automatic;
				CURRENT_PROJECT_VERSION = 1;
				DEVELOPMENT_ASSET_PATHS = "\"Bars/Preview Content\"";
				DEVELOPMENT_TEAM = 5KVRUJ2FNN;
				ENABLE_PREVIEWS = YES;
				GENERATE_INFOPLIST_FILE = YES;
				INFOPLIST_FILE = "$(TARGET_NAME)/Info.plist";
				LD_RUNPATH_SEARCH_PATHS = (
					"$(inherited)",
					"@executable_path/Frameworks",
				);
				MARKETING_VERSION = 1.0;
				PRODUCT_BUNDLE_IDENTIFIER = pro.xuchi.Bars;
				PRODUCT_NAME = "$(TARGET_NAME)";
				SUPPORTED_PLATFORMS = "xros xrsimulator";
				SWIFT_EMIT_LOC_STRINGS = YES;
				SWIFT_VERSION = 5.0;
				TARGETED_DEVICE_FAMILY = "1,2,7";
			};
			name = Debug;
		};
		C28B80052B3DCE3D00695D45 /* Release */ = {
			isa = XCBuildConfiguration;
			buildSettings = {
				ASSETCATALOG_COMPILER_APPICON_NAME = AppIcon;
				ASSETCATALOG_COMPILER_GLOBAL_ACCENT_COLOR_NAME = AccentColor;
				CODE_SIGN_STYLE = Automatic;
				CURRENT_PROJECT_VERSION = 1;
				DEVELOPMENT_ASSET_PATHS = "\"Bars/Preview Content\"";
				DEVELOPMENT_TEAM = 5KVRUJ2FNN;
				ENABLE_PREVIEWS = YES;
				GENERATE_INFOPLIST_FILE = YES;
				INFOPLIST_FILE = "$(TARGET_NAME)/Info.plist";
				LD_RUNPATH_SEARCH_PATHS = (
					"$(inherited)",
					"@executable_path/Frameworks",
				);
				MARKETING_VERSION = 1.0;
				PRODUCT_BUNDLE_IDENTIFIER = pro.xuchi.Bars;
				PRODUCT_NAME = "$(TARGET_NAME)";
				SUPPORTED_PLATFORMS = "xros xrsimulator";
				SWIFT_EMIT_LOC_STRINGS = YES;
				SWIFT_VERSION = 5.0;
				TARGETED_DEVICE_FAMILY = "1,2,7";
			};
			name = Release;
		};
/* End XCBuildConfiguration section */

/* Begin XCConfigurationList section */
		C28B7FE92B3DCE3B00695D45 /* Build configuration list for PBXProject "Bars" */ = {
			isa = XCConfigurationList;
			buildConfigurations = (
				C28B80012B3DCE3D00695D45 /* Debug */,
				C28B80022B3DCE3D00695D45 /* Release */,
			);
			defaultConfigurationIsVisible = 0;
			defaultConfigurationName = Release;
		};
		C28B80032B3DCE3D00695D45 /* Build configuration list for PBXNativeTarget "Bars" */ = {
			isa = XCConfigurationList;
			buildConfigurations = (
				C28B80042B3DCE3D00695D45 /* Debug */,
				C28B80052B3DCE3D00695D45 /* Release */,
			);
			defaultConfigurationIsVisible = 0;
			defaultConfigurationName = Release;
		};
/* End XCConfigurationList section */

/* Begin XCSwiftPackageProductDependency section */
		C28B7FF32B3DCE3B00695D45 /* RealityKitContent */ = {
			isa = XCSwiftPackageProductDependency;
			productName = RealityKitContent;
		};
/* End XCSwiftPackageProductDependency section */
	};
	rootObject = C28B7FE62B3DCE3B00695D45 /* Project object */;
}
