// !$*UTF8*$!
{
	archiveVersion = 1;
	classes = {
	};
	objectVersion = 56;
	objects = {

/* Begin PBXBuildFile section */
		C225DE0E2B747D0700733F29 /* ARKitSessionManager.swift in Sources */ = {isa = PBXBuildFile; fileRef = C225DE0D2B747D0700733F29 /* ARKitSessionManager.swift */; };
		C2D730A22B7375D500B33C08 /* RealityKitContent in Frameworks */ = {isa = PBXBuildFile; productRef = C2D730A12B7375D500B33C08 /* RealityKitContent */; };
		C2D730A42B7375D500B33C08 /* SkyboxApp.swift in Sources */ = {isa = PBXBuildFile; fileRef = C2D730A32B7375D500B33C08 /* SkyboxApp.swift */; };
		C2D730A62B7375D500B33C08 /* ContentView.swift in Sources */ = {isa = PBXBuildFile; fileRef = C2D730A52B7375D500B33C08 /* ContentView.swift */; };
		C2D730A82B7375D500B33C08 /* ImmersiveView.swift in Sources */ = {isa = PBXBuildFile; fileRef = C2D730A72B7375D500B33C08 /* ImmersiveView.swift */; };
		C2D730AA2B7375D700B33C08 /* Assets.xcassets in Resources */ = {isa = PBXBuildFile; fileRef = C2D730A92B7375D700B33C08 /* Assets.xcassets */; };
		C2D730AD2B7375D700B33C08 /* Preview Assets.xcassets in Resources */ = {isa = PBXBuildFile; fileRef = C2D730AC2B7375D700B33C08 /* Preview Assets.xcassets */; };
		C2D730B52B73761E00B33C08 /* SkyboxView.swift in Sources */ = {isa = PBXBuildFile; fileRef = C2D730B42B73761E00B33C08 /* SkyboxView.swift */; };
		C2D730B72B73762900B33C08 /* ObjectView.swift in Sources */ = {isa = PBXBuildFile; fileRef = C2D730B62B73762900B33C08 /* ObjectView.swift */; };
		C2D730BD2B7378A200B33C08 /* shanghai.skybox in Resources */ = {isa = PBXBuildFile; fileRef = C2D730BC2B7378A200B33C08 /* shanghai.skybox */; };
		C2D730BF2B7379FB00B33C08 /* shanghai_bund_4k_skybox.exr in Resources */ = {isa = PBXBuildFile; fileRef = C2D730BE2B7379FB00B33C08 /* shanghai_bund_4k_skybox.exr */; };
/* End PBXBuildFile section */

/* Begin PBXFileReference section */
		C225DE0D2B747D0700733F29 /* ARKitSessionManager.swift */ = {isa = PBXFileReference; lastKnownFileType = sourcecode.swift; path = ARKitSessionManager.swift; sourceTree = "<group>"; };
		C2D7309C2B7375D500B33C08 /* Skybox.app */ = {isa = PBXFileReference; explicitFileType = wrapper.application; includeInIndex = 0; path = Skybox.app; sourceTree = BUILT_PRODUCTS_DIR; };
		C2D730A02B7375D500B33C08 /* RealityKitContent */ = {isa = PBXFileReference; lastKnownFileType = wrapper; path = RealityKitContent; sourceTree = "<group>"; };
		C2D730A32B7375D500B33C08 /* SkyboxApp.swift */ = {isa = PBXFileReference; lastKnownFileType = sourcecode.swift; path = SkyboxApp.swift; sourceTree = "<group>"; };
		C2D730A52B7375D500B33C08 /* ContentView.swift */ = {isa = PBXFileReference; lastKnownFileType = sourcecode.swift; path = ContentView.swift; sourceTree = "<group>"; };
		C2D730A72B7375D500B33C08 /* ImmersiveView.swift */ = {isa = PBXFileReference; lastKnownFileType = sourcecode.swift; path = ImmersiveView.swift; sourceTree = "<group>"; };
		C2D730A92B7375D700B33C08 /* Assets.xcassets */ = {isa = PBXFileReference; lastKnownFileType = folder.assetcatalog; path = Assets.xcassets; sourceTree = "<group>"; };
		C2D730AC2B7375D700B33C08 /* Preview Assets.xcassets */ = {isa = PBXFileReference; lastKnownFileType = folder.assetcatalog; path = "Preview Assets.xcassets"; sourceTree = "<group>"; };
		C2D730AE2B7375D700B33C08 /* Info.plist */ = {isa = PBXFileReference; lastKnownFileType = text.plist.xml; path = Info.plist; sourceTree = "<group>"; };
		C2D730B42B73761E00B33C08 /* SkyboxView.swift */ = {isa = PBXFileReference; lastKnownFileType = sourcecode.swift; path = SkyboxView.swift; sourceTree = "<group>"; };
		C2D730B62B73762900B33C08 /* ObjectView.swift */ = {isa = PBXFileReference; lastKnownFileType = sourcecode.swift; path = ObjectView.swift; sourceTree = "<group>"; };
		C2D730BC2B7378A200B33C08 /* shanghai.skybox */ = {isa = PBXFileReference; lastKnownFileType = file.skybox; path = shanghai.skybox; sourceTree = SOURCE_ROOT; };
		C2D730BE2B7379FB00B33C08 /* shanghai_bund_4k_skybox.exr */ = {isa = PBXFileReference; lastKnownFileType = file; path = shanghai_bund_4k_skybox.exr; sourceTree = "<group>"; };
/* End PBXFileReference section */

/* Begin PBXFrameworksBuildPhase section */
		C2D730992B7375D500B33C08 /* Frameworks */ = {
			isa = PBXFrameworksBuildPhase;
			buildActionMask = 2147483647;
			files = (
				C2D730A22B7375D500B33C08 /* RealityKitContent in Frameworks */,
			);
			runOnlyForDeploymentPostprocessing = 0;
		};
/* End PBXFrameworksBuildPhase section */

/* Begin PBXGroup section */
		C2D730932B7375D500B33C08 = {
			isa = PBXGroup;
			children = (
				C2D7309E2B7375D500B33C08 /* Skybox */,
				C2D7309F2B7375D500B33C08 /* Packages */,
				C2D7309D2B7375D500B33C08 /* Products */,
			);
			sourceTree = "<group>";
		};
		C2D7309D2B7375D500B33C08 /* Products */ = {
			isa = PBXGroup;
			children = (
				C2D7309C2B7375D500B33C08 /* Skybox.app */,
			);
			name = Products;
			sourceTree = "<group>";
		};
		C2D7309E2B7375D500B33C08 /* Skybox */ = {
			isa = PBXGroup;
			children = (
				C2D730BC2B7378A200B33C08 /* shanghai.skybox */,
				C2D730A32B7375D500B33C08 /* SkyboxApp.swift */,
				C2D730A52B7375D500B33C08 /* ContentView.swift */,
				C2D730A72B7375D500B33C08 /* ImmersiveView.swift */,
				C2D730B42B73761E00B33C08 /* SkyboxView.swift */,
				C2D730B62B73762900B33C08 /* ObjectView.swift */,
				C2D730BE2B7379FB00B33C08 /* shanghai_bund_4k_skybox.exr */,
				C2D730A92B7375D700B33C08 /* Assets.xcassets */,
				C2D730AE2B7375D700B33C08 /* Info.plist */,
				C2D730AB2B7375D700B33C08 /* Preview Content */,
				C225DE0D2B747D0700733F29 /* ARKitSessionManager.swift */,
			);
			path = Skybox;
			sourceTree = "<group>";
		};
		C2D7309F2B7375D500B33C08 /* Packages */ = {
			isa = PBXGroup;
			children = (
				C2D730A02B7375D500B33C08 /* RealityKitContent */,
			);
			path = Packages;
			sourceTree = "<group>";
		};
		C2D730AB2B7375D700B33C08 /* Preview Content */ = {
			isa = PBXGroup;
			children = (
				C2D730AC2B7375D700B33C08 /* Preview Assets.xcassets */,
			);
			path = "Preview Content";
			sourceTree = "<group>";
		};
/* End PBXGroup section */

/* Begin PBXNativeTarget section */
		C2D7309B2B7375D500B33C08 /* Skybox */ = {
			isa = PBXNativeTarget;
			buildConfigurationList = C2D730B12B7375D700B33C08 /* Build configuration list for PBXNativeTarget "Skybox" */;
			buildPhases = (
				C2D730982B7375D500B33C08 /* Sources */,
				C2D730992B7375D500B33C08 /* Frameworks */,
				C2D7309A2B7375D500B33C08 /* Resources */,
			);
			buildRules = (
			);
			dependencies = (
			);
			name = Skybox;
			packageProductDependencies = (
				C2D730A12B7375D500B33C08 /* RealityKitContent */,
			);
			productName = Skybox;
			productReference = C2D7309C2B7375D500B33C08 /* Skybox.app */;
			productType = "com.apple.product-type.application";
		};
/* End PBXNativeTarget section */

/* Begin PBXProject section */
		C2D730942B7375D500B33C08 /* Project object */ = {
			isa = PBXProject;
			attributes = {
				BuildIndependentTargetsInParallel = 1;
				LastSwiftUpdateCheck = 1520;
				LastUpgradeCheck = 1520;
				TargetAttributes = {
					C2D7309B2B7375D500B33C08 = {
						CreatedOnToolsVersion = 15.2;
					};
				};
			};
			buildConfigurationList = C2D730972B7375D500B33C08 /* Build configuration list for PBXProject "Skybox" */;
			compatibilityVersion = "Xcode 14.0";
			developmentRegion = en;
			hasScannedForEncodings = 0;
			knownRegions = (
				en,
				Base,
			);
			mainGroup = C2D730932B7375D500B33C08;
			productRefGroup = C2D7309D2B7375D500B33C08 /* Products */;
			projectDirPath = "";
			projectRoot = "";
			targets = (
				C2D7309B2B7375D500B33C08 /* Skybox */,
			);
		};
/* End PBXProject section */

/* Begin PBXResourcesBuildPhase section */
		C2D7309A2B7375D500B33C08 /* Resources */ = {
			isa = PBXResourcesBuildPhase;
			buildActionMask = 2147483647;
			files = (
				C2D730AD2B7375D700B33C08 /* Preview Assets.xcassets in Resources */,
				C2D730AA2B7375D700B33C08 /* Assets.xcassets in Resources */,
				C2D730BF2B7379FB00B33C08 /* shanghai_bund_4k_skybox.exr in Resources */,
				C2D730BD2B7378A200B33C08 /* shanghai.skybox in Resources */,
			);
			runOnlyForDeploymentPostprocessing = 0;
		};
/* End PBXResourcesBuildPhase section */

/* Begin PBXSourcesBuildPhase section */
		C2D730982B7375D500B33C08 /* Sources */ = {
			isa = PBXSourcesBuildPhase;
			buildActionMask = 2147483647;
			files = (
				C2D730A62B7375D500B33C08 /* ContentView.swift in Sources */,
				C2D730A42B7375D500B33C08 /* SkyboxApp.swift in Sources */,
				C2D730B72B73762900B33C08 /* ObjectView.swift in Sources */,
				C2D730B52B73761E00B33C08 /* SkyboxView.swift in Sources */,
				C225DE0E2B747D0700733F29 /* ARKitSessionManager.swift in Sources */,
				C2D730A82B7375D500B33C08 /* ImmersiveView.swift in Sources */,
			);
			runOnlyForDeploymentPostprocessing = 0;
		};
/* End PBXSourcesBuildPhase section */

/* Begin XCBuildConfiguration section */
		C2D730AF2B7375D700B33C08 /* Debug */ = {
			isa = XCBuildConfiguration;
			buildSettings = {
				ALWAYS_SEARCH_USER_PATHS = NO;
				ASSETCATALOG_COMPILER_GENERATE_SWIFT_ASSET_SYMBOL_EXTENSIONS = YES;
				CLANG_ANALYZER_NONNULL = YES;
				CLANG_ANALYZER_NUMBER_OBJECT_CONVERSION = YES_AGGRESSIVE;
				CLANG_CXX_LANGUAGE_STANDARD = "gnu++20";
				CLANG_ENABLE_MODULES = YES;
				CLANG_ENABLE_OBJC_ARC = YES;
				CLANG_ENABLE_OBJC_WEAK = YES;
				CLANG_WARN_BLOCK_CAPTURE_AUTORELEASING = YES;
				CLANG_WARN_BOOL_CONVERSION = YES;
				CLANG_WARN_COMMA = YES;
				CLANG_WARN_CONSTANT_CONVERSION = YES;
				CLANG_WARN_DEPRECATED_OBJC_IMPLEMENTATIONS = YES;
				CLANG_WARN_DIRECT_OBJC_ISA_USAGE = YES_ERROR;
				CLANG_WARN_DOCUMENTATION_COMMENTS = YES;
				CLANG_WARN_EMPTY_BODY = YES;
				CLANG_WARN_ENUM_CONVERSION = YES;
				CLANG_WARN_INFINITE_RECURSION = YES;
				CLANG_WARN_INT_CONVERSION = YES;
				CLANG_WARN_NON_LITERAL_NULL_CONVERSION = YES;
				CLANG_WARN_OBJC_IMPLICIT_RETAIN_SELF = YES;
				CLANG_WARN_OBJC_LITERAL_CONVERSION = YES;
				CLANG_WARN_OBJC_ROOT_CLASS = YES_ERROR;
				CLANG_WARN_QUOTED_INCLUDE_IN_FRAMEWORK_HEADER = YES;
				CLANG_WARN_RANGE_LOOP_ANALYSIS = YES;
				CLANG_WARN_STRICT_PROTOTYPES = YES;
				CLANG_WARN_SUSPICIOUS_MOVE = YES;
				CLANG_WARN_UNGUARDED_AVAILABILITY = YES_AGGRESSIVE;
				CLANG_WARN_UNREACHABLE_CODE = YES;
				CLANG_WARN__DUPLICATE_METHOD_MATCH = YES;
				COPY_PHASE_STRIP = NO;
				DEBUG_INFORMATION_FORMAT = dwarf;
				ENABLE_STRICT_OBJC_MSGSEND = YES;
				ENABLE_TESTABILITY = YES;
				ENABLE_USER_SCRIPT_SANDBOXING = YES;
				GCC_C_LANGUAGE_STANDARD = gnu17;
				GCC_DYNAMIC_NO_PIC = NO;
				GCC_NO_COMMON_BLOCKS = YES;
				GCC_OPTIMIZATION_LEVEL = 0;
				GCC_PREPROCESSOR_DEFINITIONS = (
					"DEBUG=1",
					"$(inherited)",
				);
				GCC_WARN_64_TO_32_BIT_CONVERSION = YES;
				GCC_WARN_ABOUT_RETURN_TYPE = YES_ERROR;
				GCC_WARN_UNDECLARED_SELECTOR = YES;
				GCC_WARN_UNINITIALIZED_AUTOS = YES_AGGRESSIVE;
				GCC_WARN_UNUSED_FUNCTION = YES;
				GCC_WARN_UNUSED_VARIABLE = YES;
				LOCALIZATION_PREFERS_STRING_CATALOGS = YES;
				MTL_ENABLE_DEBUG_INFO = INCLUDE_SOURCE;
				MTL_FAST_MATH = YES;
				ONLY_ACTIVE_ARCH = YES;
				SDKROOT = xros;
				SWIFT_ACTIVE_COMPILATION_CONDITIONS = "DEBUG $(inherited)";
				SWIFT_OPTIMIZATION_LEVEL = "-Onone";
				XROS_DEPLOYMENT_TARGET = 1.0;
			};
			name = Debug;
		};
		C2D730B02B7375D700B33C08 /* Release */ = {
			isa = XCBuildConfiguration;
			buildSettings = {
				ALWAYS_SEARCH_USER_PATHS = NO;
				ASSETCATALOG_COMPILER_GENERATE_SWIFT_ASSET_SYMBOL_EXTENSIONS = YES;
				CLANG_ANALYZER_NONNULL = YES;
				CLANG_ANALYZER_NUMBER_OBJECT_CONVERSION = YES_AGGRESSIVE;
				CLANG_CXX_LANGUAGE_STANDARD = "gnu++20";
				CLANG_ENABLE_MODULES = YES;
				CLANG_ENABLE_OBJC_ARC = YES;
				CLANG_ENABLE_OBJC_WEAK = YES;
				CLANG_WARN_BLOCK_CAPTURE_AUTORELEASING = YES;
				CLANG_WARN_BOOL_CONVERSION = YES;
				CLANG_WARN_COMMA = YES;
				CLANG_WARN_CONSTANT_CONVERSION = YES;
				CLANG_WARN_DEPRECATED_OBJC_IMPLEMENTATIONS = YES;
				CLANG_WARN_DIRECT_OBJC_ISA_USAGE = YES_ERROR;
				CLANG_WARN_DOCUMENTATION_COMMENTS = YES;
				CLANG_WARN_EMPTY_BODY = YES;
				CLANG_WARN_ENUM_CONVERSION = YES;
				CLANG_WARN_INFINITE_RECURSION = YES;
				CLANG_WARN_INT_CONVERSION = YES;
				CLANG_WARN_NON_LITERAL_NULL_CONVERSION = YES;
				CLANG_WARN_OBJC_IMPLICIT_RETAIN_SELF = YES;
				CLANG_WARN_OBJC_LITERAL_CONVERSION = YES;
				CLANG_WARN_OBJC_ROOT_CLASS = YES_ERROR;
				CLANG_WARN_QUOTED_INCLUDE_IN_FRAMEWORK_HEADER = YES;
				CLANG_WARN_RANGE_LOOP_ANALYSIS = YES;
				CLANG_WARN_STRICT_PROTOTYPES = YES;
				CLANG_WARN_SUSPICIOUS_MOVE = YES;
				CLANG_WARN_UNGUARDED_AVAILABILITY = YES_AGGRESSIVE;
				CLANG_WARN_UNREACHABLE_CODE = YES;
				CLANG_WARN__DUPLICATE_METHOD_MATCH = YES;
				COPY_PHASE_STRIP = NO;
				DEBUG_INFORMATION_FORMAT = "dwarf-with-dsym";
				ENABLE_NS_ASSERTIONS = NO;
				ENABLE_STRICT_OBJC_MSGSEND = YES;
				ENABLE_USER_SCRIPT_SANDBOXING = YES;
				GCC_C_LANGUAGE_STANDARD = gnu17;
				GCC_NO_COMMON_BLOCKS = YES;
				GCC_WARN_64_TO_32_BIT_CONVERSION = YES;
				GCC_WARN_ABOUT_RETURN_TYPE = YES_ERROR;
				GCC_WARN_UNDECLARED_SELECTOR = YES;
				GCC_WARN_UNINITIALIZED_AUTOS = YES_AGGRESSIVE;
				GCC_WARN_UNUSED_FUNCTION = YES;
				GCC_WARN_UNUSED_VARIABLE = YES;
				LOCALIZATION_PREFERS_STRING_CATALOGS = YES;
				MTL_ENABLE_DEBUG_INFO = NO;
				MTL_FAST_MATH = YES;
				SDKROOT = xros;
				SWIFT_COMPILATION_MODE = wholemodule;
				VALIDATE_PRODUCT = YES;
				XROS_DEPLOYMENT_TARGET = 1.0;
			};
			name = Release;
		};
		C2D730B22B7375D700B33C08 /* Debug */ = {
			isa = XCBuildConfiguration;
			buildSettings = {
				ASSETCATALOG_COMPILER_APPICON_NAME = AppIcon;
				ASSETCATALOG_COMPILER_GLOBAL_ACCENT_COLOR_NAME = AccentColor;
				CODE_SIGN_STYLE = Automatic;
				CURRENT_PROJECT_VERSION = 1;
				DEVELOPMENT_ASSET_PATHS = "\"Skybox/Preview Content\"";
				DEVELOPMENT_TEAM = 5KVRUJ2FNN;
				ENABLE_PREVIEWS = YES;
				GENERATE_INFOPLIST_FILE = YES;
				INFOPLIST_FILE = "$(TARGET_NAME)/Info.plist";
				LD_RUNPATH_SEARCH_PATHS = (
					"$(inherited)",
					"@executable_path/Frameworks",
				);
				MARKETING_VERSION = 1.0;
				PRODUCT_BUNDLE_IDENTIFIER = pro.xuchi.Skybox;
				PRODUCT_NAME = "$(TARGET_NAME)";
				SUPPORTED_PLATFORMS = "xros xrsimulator";
				SWIFT_EMIT_LOC_STRINGS = YES;
				SWIFT_VERSION = 5.0;
				TARGETED_DEVICE_FAMILY = "1,2,7";
			};
			name = Debug;
		};
		C2D730B32B7375D700B33C08 /* Release */ = {
			isa = XCBuildConfiguration;
			buildSettings = {
				ASSETCATALOG_COMPILER_APPICON_NAME = AppIcon;
				ASSETCATALOG_COMPILER_GLOBAL_ACCENT_COLOR_NAME = AccentColor;
				CODE_SIGN_STYLE = Automatic;
				CURRENT_PROJECT_VERSION = 1;
				DEVELOPMENT_ASSET_PATHS = "\"Skybox/Preview Content\"";
				DEVELOPMENT_TEAM = 5KVRUJ2FNN;
				ENABLE_PREVIEWS = YES;
				GENERATE_INFOPLIST_FILE = YES;
				INFOPLIST_FILE = "$(TARGET_NAME)/Info.plist";
				LD_RUNPATH_SEARCH_PATHS = (
					"$(inherited)",
					"@executable_path/Frameworks",
				);
				MARKETING_VERSION = 1.0;
				PRODUCT_BUNDLE_IDENTIFIER = pro.xuchi.Skybox;
				PRODUCT_NAME = "$(TARGET_NAME)";
				SUPPORTED_PLATFORMS = "xros xrsimulator";
				SWIFT_EMIT_LOC_STRINGS = YES;
				SWIFT_VERSION = 5.0;
				TARGETED_DEVICE_FAMILY = "1,2,7";
			};
			name = Release;
		};
/* End XCBuildConfiguration section */

/* Begin XCConfigurationList section */
		C2D730972B7375D500B33C08 /* Build configuration list for PBXProject "Skybox" */ = {
			isa = XCConfigurationList;
			buildConfigurations = (
				C2D730AF2B7375D700B33C08 /* Debug */,
				C2D730B02B7375D700B33C08 /* Release */,
			);
			defaultConfigurationIsVisible = 0;
			defaultConfigurationName = Release;
		};
		C2D730B12B7375D700B33C08 /* Build configuration list for PBXNativeTarget "Skybox" */ = {
			isa = XCConfigurationList;
			buildConfigurations = (
				C2D730B22B7375D700B33C08 /* Debug */,
				C2D730B32B7375D700B33C08 /* Release */,
			);
			defaultConfigurationIsVisible = 0;
			defaultConfigurationName = Release;
		};
/* End XCConfigurationList section */

/* Begin XCSwiftPackageProductDependency section */
		C2D730A12B7375D500B33C08 /* RealityKitContent */ = {
			isa = XCSwiftPackageProductDependency;
			productName = RealityKitContent;
		};
/* End XCSwiftPackageProductDependency section */
	};
	rootObject = C2D730942B7375D500B33C08 /* Project object */;
}
